{
  "version": 4,
  "terraform_version": "1.1.7",
  "serial": 202,
  "lineage": "570c6053-aeb8-77f7-f04d-8190e040ab09",
  "outputs": {
    "configure_kubectl": {
      "value": "aws eks --region us-east-1 update-kubeconfig --name novinho-labs-dev-eks-novinho",
      "type": "string"
    },
    "private_subnets_id": {
      "value": [
        "subnet-06d378c88a61dff68",
        "subnet-0b9112c1a4911462e"
      ],
      "type": [
        "tuple",
        [
          "string",
          "string"
        ]
      ]
    },
    "public_subnets_id": {
      "value": [
        "subnet-0181e2726072c2434",
        "subnet-0d90f112c38af8575"
      ],
      "type": [
        "tuple",
        [
          "string",
          "string"
        ]
      ]
    },
    "vpc_id": {
      "value": "vpc-0a63a543e8afdd630",
      "type": "string"
    }
  },
  "resources": [
    {
      "module": "module.master",
      "mode": "data",
      "type": "aws_iam_policy_document",
      "name": "eks_cluster_role",
      "provider": "provider[\"registry.terraform.io/hashicorp/aws\"]",
      "instances": [
        {
          "schema_version": 0,
          "attributes": {
            "id": "189502314",
            "json": "{\n  \"Version\": \"2012-10-17\",\n  \"Statement\": [\n    {\n      \"Sid\": \"\",\n      \"Effect\": \"Allow\",\n      \"Action\": \"sts:AssumeRole\",\n      \"Principal\": {\n        \"Service\": \"eks.amazonaws.com\"\n      }\n    }\n  ]\n}",
            "override_json": null,
            "override_policy_documents": null,
            "policy_id": null,
            "source_json": null,
            "source_policy_documents": null,
            "statement": [
              {
                "actions": [
                  "sts:AssumeRole"
                ],
                "condition": [],
                "effect": "Allow",
                "not_actions": [],
                "not_principals": [],
                "not_resources": [],
                "principals": [
                  {
                    "identifiers": [
                      "eks.amazonaws.com"
                    ],
                    "type": "Service"
                  }
                ],
                "resources": [],
                "sid": ""
              }
            ],
            "version": "2012-10-17"
          },
          "sensitive_attributes": []
        }
      ]
    },
    {
      "module": "module.master",
      "mode": "managed",
      "type": "aws_eks_cluster",
      "name": "eks_cluster",
      "provider": "provider[\"registry.terraform.io/hashicorp/aws\"]",
      "instances": [
        {
          "schema_version": 0,
          "attributes": {
            "arn": "arn:aws:eks:us-east-1:770831555164:cluster/novinho-labs-dev-eks-novinho",
            "certificate_authority": [
              {
                "data": "LS0tLS1CRUdJTiBDRVJUSUZJQ0FURS0tLS0tCk1JSUM1ekNDQWMrZ0F3SUJBZ0lCQURBTkJna3Foa2lHOXcwQkFRc0ZBREFWTVJNd0VRWURWUVFERXdwcmRXSmwKY201bGRHVnpNQjRYRFRJeU1Ea3lOekUyTkRNeU1sb1hEVE15TURreU5ERTJORE15TWxvd0ZURVRNQkVHQTFVRQpBeE1LYTNWaVpYSnVaWFJsY3pDQ0FTSXdEUVlKS29aSWh2Y05BUUVCQlFBRGdnRVBBRENDQVFvQ2dnRUJBT1pZClFONmFTaG55ODl3RzNGWjV6WElkbEdwS0k4Zi9HL0JDUkJmN0lZVmNtV2Fla1JGaXY3andUVUQxMFFaV09mL1oKa3RoZE9iZEVLdE94aURicGgwNWo5ZjVlZnNpeW84VHVjam5OWitOUEdMeVQxMWtKeWVMVWZyK2pjbEJLZTBIRQo4bTBmSjF0d2lrUnVTV1liL25HUjVlc3NQUWhNM21uU29RSks0OTNnTEMrZWFtV1hLaDYyZXZ4SjYzem1HaEJFCmpobTJFUDd2aFBmaG9FT0hmUzRIeWNnZXNvcWY3aEt3cnBIYjYxVDdLUWZmOFBGUGoxdUtDV3hCNm5QOGZmWU0KdUtGYjl0WUxLaGV1NjltZDJaTEEvakpZZHdmMjNMOVRhcS9PdXJkdjFBTjZuVVhCb3NRRWRhVXhWZzhKRjlwaAp6U0x6Rm0wb2FPb3RiN2RSSmxjQ0F3RUFBYU5DTUVBd0RnWURWUjBQQVFIL0JBUURBZ0trTUE4R0ExVWRFd0VCCi93UUZNQU1CQWY4d0hRWURWUjBPQkJZRUZPdy9RVTJlY3psWFZEQ2FNWkIweWI0WVI4VmtNQTBHQ1NxR1NJYjMKRFFFQkN3VUFBNElCQVFEZmgwVVJpdzBRRnovbHdnQUJMMEpWVzhiZFB5SldlVUhUTHpORGU3UU85bW03djMybAo4azBHRXM4Rk44cllWRkJXYVlnNFRJQkl4ZnRQUExoWllEL2tCQXdNR2NqdGRnb0pSdGppUXZlK1ZkUUJZb3J2CjZHbXdrTE8wQ25wQzdQaWtPam0zUWdmOERwUm5HSDJUV0liOE81dFFqWis1cGxESTVqanNmQUdVZUFrVlF0dFEKSkg4c2IrcE16K3pNV1NvN0R2eFBvRkhEcWRFeGFGL3dmais0dXcyNUdVY1ZVazlyYnF2TEZLWWxuYUJmSjhuTApaQjFobERON3BNQnJJejJIaFRmSVM4L0RnUmovbzdBdXpKdVBOZDBtVW13c1lnVXFZRXR0VVpLcXpCTG5icjNzCjc0SGlUbzR5TkhSNERNNG5pQWJYdW9rcEF0TDVDRDByRlpQWgotLS0tLUVORCBDRVJUSUZJQ0FURS0tLS0tCg=="
              }
            ],
            "created_at": "2022-09-27 16:37:52.044 +0000 UTC",
            "enabled_cluster_log_types": null,
            "encryption_config": [],
            "endpoint": "https://B91C3E16E4D067BD2389AD08071D20C6.gr7.us-east-1.eks.amazonaws.com",
            "id": "novinho-labs-dev-eks-novinho",
            "identity": [
              {
                "oidc": [
                  {
                    "issuer": "https://oidc.eks.us-east-1.amazonaws.com/id/B91C3E16E4D067BD2389AD08071D20C6"
                  }
                ]
              }
            ],
            "kubernetes_network_config": [
              {
                "ip_family": "ipv4",
                "service_ipv4_cidr": "172.20.0.0/16"
              }
            ],
            "name": "novinho-labs-dev-eks-novinho",
            "platform_version": "eks.11",
            "role_arn": "arn:aws:iam::770831555164:role/novinho-labs-dev-eks-cluster-role",
            "status": "ACTIVE",
            "tags": {
              "kubernetes.io/cluster/novinho-labs-dev-eks-novinho": "shared"
            },
            "tags_all": {
              "kubernetes.io/cluster/novinho-labs-dev-eks-novinho": "shared"
            },
            "timeouts": null,
            "version": "1.21",
            "vpc_config": [
              {
                "cluster_security_group_id": "sg-020f9dc7e70216dc2",
                "endpoint_private_access": false,
                "endpoint_public_access": true,
                "public_access_cidrs": [
                  "0.0.0.0/0"
                ],
                "security_group_ids": [
                  "sg-0a8afc8929ba3ba02"
                ],
                "subnet_ids": [
                  "subnet-06d378c88a61dff68",
                  "subnet-0b9112c1a4911462e"
                ],
                "vpc_id": "vpc-0a63a543e8afdd630"
              }
            ]
          },
          "sensitive_attributes": [],
          "private": "eyJlMmJmYjczMC1lY2FhLTExZTYtOGY4OC0zNDM2M2JjN2M0YzAiOnsiY3JlYXRlIjoxODAwMDAwMDAwMDAwLCJkZWxldGUiOjkwMDAwMDAwMDAwMCwidXBkYXRlIjozNjAwMDAwMDAwMDAwfX0=",
          "dependencies": [
            "module.master.aws_iam_role.eks_cluster_role",
            "module.master.aws_security_group.cluster_master_sg",
            "module.master.data.aws_iam_policy_document.eks_cluster_role",
            "module.network.aws_eip.vpc_eip",
            "module.network.aws_internet_gateway.gw",
            "module.network.aws_nat_gateway.nat",
            "module.network.aws_route.nat_access",
            "module.network.aws_route.public_internet_access",
            "module.network.aws_route_table.igw_route_table",
            "module.network.aws_route_table.nat",
            "module.network.aws_route_table_association.private",
            "module.network.aws_route_table_association.public",
            "module.network.aws_subnet.private",
            "module.network.aws_subnet.public",
            "module.network.aws_vpc.main"
          ]
        }
      ]
    },
    {
      "module": "module.master",
      "mode": "managed",
      "type": "aws_iam_role",
      "name": "eks_cluster_role",
      "provider": "provider[\"registry.terraform.io/hashicorp/aws\"]",
      "instances": [
        {
          "schema_version": 0,
          "attributes": {
            "arn": "arn:aws:iam::770831555164:role/novinho-labs-dev-eks-cluster-role",
            "assume_role_policy": "{\"Version\":\"2012-10-17\",\"Statement\":[{\"Sid\":\"\",\"Effect\":\"Allow\",\"Principal\":{\"Service\":\"eks.amazonaws.com\"},\"Action\":\"sts:AssumeRole\"}]}",
            "create_date": "2022-09-27T16:37:47Z",
            "description": "",
            "force_detach_policies": false,
            "id": "novinho-labs-dev-eks-cluster-role",
            "inline_policy": [
              {
                "name": "",
                "policy": ""
              }
            ],
            "managed_policy_arns": [],
            "max_session_duration": 3600,
            "name": "novinho-labs-dev-eks-cluster-role",
            "name_prefix": "",
            "path": "/",
            "permissions_boundary": null,
            "tags": null,
            "tags_all": {},
            "unique_id": "AROA3G6JEDJOBTNEAKIAL"
          },
          "sensitive_attributes": [],
          "private": "bnVsbA==",
          "dependencies": [
            "module.master.data.aws_iam_policy_document.eks_cluster_role",
            "module.network.aws_eip.vpc_eip",
            "module.network.aws_internet_gateway.gw",
            "module.network.aws_nat_gateway.nat",
            "module.network.aws_route.nat_access",
            "module.network.aws_route.public_internet_access",
            "module.network.aws_route_table.igw_route_table",
            "module.network.aws_route_table.nat",
            "module.network.aws_route_table_association.private",
            "module.network.aws_route_table_association.public",
            "module.network.aws_subnet.private",
            "module.network.aws_subnet.public",
            "module.network.aws_vpc.main"
          ]
        }
      ]
    },
    {
      "module": "module.master",
      "mode": "managed",
      "type": "aws_iam_role_policy_attachment",
      "name": "eks-cluster-cluster",
      "provider": "provider[\"registry.terraform.io/hashicorp/aws\"]",
      "instances": [
        {
          "schema_version": 0,
          "attributes": {
            "id": "novinho-labs-dev-eks-cluster-role-20220927163749090800000002",
            "policy_arn": "arn:aws:iam::aws:policy/AmazonEKSClusterPolicy",
            "role": "novinho-labs-dev-eks-cluster-role"
          },
          "sensitive_attributes": [],
          "private": "bnVsbA==",
          "dependencies": [
            "module.master.aws_iam_role.eks_cluster_role",
            "module.master.data.aws_iam_policy_document.eks_cluster_role",
            "module.network.aws_eip.vpc_eip",
            "module.network.aws_internet_gateway.gw",
            "module.network.aws_nat_gateway.nat",
            "module.network.aws_route.nat_access",
            "module.network.aws_route.public_internet_access",
            "module.network.aws_route_table.igw_route_table",
            "module.network.aws_route_table.nat",
            "module.network.aws_route_table_association.private",
            "module.network.aws_route_table_association.public",
            "module.network.aws_subnet.private",
            "module.network.aws_subnet.public",
            "module.network.aws_vpc.main"
          ]
        }
      ]
    },
    {
      "module": "module.master",
      "mode": "managed",
      "type": "aws_iam_role_policy_attachment",
      "name": "eks-cluster-service",
      "provider": "provider[\"registry.terraform.io/hashicorp/aws\"]",
      "instances": [
        {
          "schema_version": 0,
          "attributes": {
            "id": "novinho-labs-dev-eks-cluster-role-20220927163748914700000001",
            "policy_arn": "arn:aws:iam::aws:policy/AmazonEKSServicePolicy",
            "role": "novinho-labs-dev-eks-cluster-role"
          },
          "sensitive_attributes": [],
          "private": "bnVsbA==",
          "dependencies": [
            "module.master.aws_iam_role.eks_cluster_role",
            "module.master.data.aws_iam_policy_document.eks_cluster_role",
            "module.network.aws_eip.vpc_eip",
            "module.network.aws_internet_gateway.gw",
            "module.network.aws_nat_gateway.nat",
            "module.network.aws_route.nat_access",
            "module.network.aws_route.public_internet_access",
            "module.network.aws_route_table.igw_route_table",
            "module.network.aws_route_table.nat",
            "module.network.aws_route_table_association.private",
            "module.network.aws_route_table_association.public",
            "module.network.aws_subnet.private",
            "module.network.aws_subnet.public",
            "module.network.aws_vpc.main"
          ]
        }
      ]
    },
    {
      "module": "module.master",
      "mode": "managed",
      "type": "aws_security_group",
      "name": "cluster_master_sg",
      "provider": "provider[\"registry.terraform.io/hashicorp/aws\"]",
      "instances": [
        {
          "schema_version": 1,
          "attributes": {
            "arn": "arn:aws:ec2:us-east-1:770831555164:security-group/sg-0a8afc8929ba3ba02",
            "description": "Managed by Terraform",
            "egress": [
              {
                "cidr_blocks": [
                  "0.0.0.0/0"
                ],
                "description": "",
                "from_port": 0,
                "ipv6_cidr_blocks": [],
                "prefix_list_ids": [],
                "protocol": "-1",
                "security_groups": [],
                "self": false,
                "to_port": 0
              }
            ],
            "id": "sg-0a8afc8929ba3ba02",
            "ingress": [],
            "name": "novinho-labs-dev-eks-novinho-sg",
            "name_prefix": "",
            "owner_id": "770831555164",
            "revoke_rules_on_delete": false,
            "tags": {
              "Description": "Managed by Terraform",
              "Environment": "dev",
              "Name": "novinho-labs-dev-eks-novinho-sg"
            },
            "tags_all": {
              "Description": "Managed by Terraform",
              "Environment": "dev",
              "Name": "novinho-labs-dev-eks-novinho-sg"
            },
            "timeouts": null,
            "vpc_id": "vpc-0a63a543e8afdd630"
          },
          "sensitive_attributes": [],
          "private": "eyJlMmJmYjczMC1lY2FhLTExZTYtOGY4OC0zNDM2M2JjN2M0YzAiOnsiY3JlYXRlIjo2MDAwMDAwMDAwMDAsImRlbGV0ZSI6OTAwMDAwMDAwMDAwfSwic2NoZW1hX3ZlcnNpb24iOiIxIn0=",
          "dependencies": [
            "module.network.aws_eip.vpc_eip",
            "module.network.aws_internet_gateway.gw",
            "module.network.aws_nat_gateway.nat",
            "module.network.aws_route.nat_access",
            "module.network.aws_route.public_internet_access",
            "module.network.aws_route_table.igw_route_table",
            "module.network.aws_route_table.nat",
            "module.network.aws_route_table_association.private",
            "module.network.aws_route_table_association.public",
            "module.network.aws_subnet.private",
            "module.network.aws_subnet.public",
            "module.network.aws_vpc.main"
          ]
        }
      ]
    },
    {
      "module": "module.master",
      "mode": "managed",
      "type": "aws_security_group_rule",
      "name": "ingress_rules",
      "provider": "provider[\"registry.terraform.io/hashicorp/aws\"]",
      "instances": [
        {
          "index_key": "https",
          "schema_version": 2,
          "attributes": {
            "cidr_blocks": [
              "0.0.0.0/0"
            ],
            "description": "Allow HTTPS from specific cidr_block range",
            "from_port": 443,
            "id": "sgrule-1116441125",
            "ipv6_cidr_blocks": null,
            "prefix_list_ids": null,
            "protocol": "tcp",
            "security_group_id": "sg-0a8afc8929ba3ba02",
            "self": false,
            "source_security_group_id": null,
            "to_port": 443,
            "type": "ingress"
          },
          "sensitive_attributes": [],
          "private": "eyJzY2hlbWFfdmVyc2lvbiI6IjIifQ==",
          "dependencies": [
            "module.master.aws_security_group.cluster_master_sg",
            "module.network.aws_eip.vpc_eip",
            "module.network.aws_internet_gateway.gw",
            "module.network.aws_nat_gateway.nat",
            "module.network.aws_route.nat_access",
            "module.network.aws_route.public_internet_access",
            "module.network.aws_route_table.igw_route_table",
            "module.network.aws_route_table.nat",
            "module.network.aws_route_table_association.private",
            "module.network.aws_route_table_association.public",
            "module.network.aws_subnet.private",
            "module.network.aws_subnet.public",
            "module.network.aws_vpc.main"
          ]
        }
      ]
    },
    {
      "module": "module.network",
      "mode": "managed",
      "type": "aws_eip",
      "name": "vpc_eip",
      "provider": "provider[\"registry.terraform.io/hashicorp/aws\"]",
      "instances": [
        {
          "index_key": "us-east-1a",
          "schema_version": 0,
          "attributes": {
            "address": null,
            "allocation_id": "eipalloc-04552b353b6c8df0f",
            "associate_with_private_ip": null,
            "association_id": "",
            "carrier_ip": "",
            "customer_owned_ip": "",
            "customer_owned_ipv4_pool": "",
            "domain": "vpc",
            "id": "eipalloc-04552b353b6c8df0f",
            "instance": "",
            "network_border_group": "us-east-1",
            "network_interface": "",
            "private_dns": null,
            "private_ip": "",
            "public_dns": "ec2-50-16-42-5.compute-1.amazonaws.com",
            "public_ip": "50.16.42.5",
            "public_ipv4_pool": "amazon",
            "tags": {
              "Description": "Managed by Terraform",
              "Environment": "dev",
              "Name": "novinho-labs-dev-eip"
            },
            "tags_all": {
              "Description": "Managed by Terraform",
              "Environment": "dev",
              "Name": "novinho-labs-dev-eip"
            },
            "timeouts": null,
            "vpc": true
          },
          "sensitive_attributes": [],
          "private": "eyJlMmJmYjczMC1lY2FhLTExZTYtOGY4OC0zNDM2M2JjN2M0YzAiOnsiZGVsZXRlIjoxODAwMDAwMDAwMDAsInJlYWQiOjkwMDAwMDAwMDAwMCwidXBkYXRlIjozMDAwMDAwMDAwMDB9fQ=="
        },
        {
          "index_key": "us-east-1b",
          "schema_version": 0,
          "attributes": {
            "address": null,
            "allocation_id": "eipalloc-04ac0938160a504e0",
            "associate_with_private_ip": null,
            "association_id": "",
            "carrier_ip": "",
            "customer_owned_ip": "",
            "customer_owned_ipv4_pool": "",
            "domain": "vpc",
            "id": "eipalloc-04ac0938160a504e0",
            "instance": "",
            "network_border_group": "us-east-1",
            "network_interface": "",
            "private_dns": null,
            "private_ip": "",
            "public_dns": "ec2-52-203-130-59.compute-1.amazonaws.com",
            "public_ip": "52.203.130.59",
            "public_ipv4_pool": "amazon",
            "tags": {
              "Description": "Managed by Terraform",
              "Environment": "dev",
              "Name": "novinho-labs-dev-eip"
            },
            "tags_all": {
              "Description": "Managed by Terraform",
              "Environment": "dev",
              "Name": "novinho-labs-dev-eip"
            },
            "timeouts": null,
            "vpc": true
          },
          "sensitive_attributes": [],
          "private": "eyJlMmJmYjczMC1lY2FhLTExZTYtOGY4OC0zNDM2M2JjN2M0YzAiOnsiZGVsZXRlIjoxODAwMDAwMDAwMDAsInJlYWQiOjkwMDAwMDAwMDAwMCwidXBkYXRlIjozMDAwMDAwMDAwMDB9fQ=="
        }
      ]
    },
    {
      "module": "module.network",
      "mode": "managed",
      "type": "aws_internet_gateway",
      "name": "gw",
      "provider": "provider[\"registry.terraform.io/hashicorp/aws\"]",
      "instances": [
        {
          "schema_version": 0,
          "attributes": {
            "arn": "arn:aws:ec2:us-east-1:770831555164:internet-gateway/igw-0ee19566db0e4dd8f",
            "id": "igw-0ee19566db0e4dd8f",
            "owner_id": "770831555164",
            "tags": {
              "Description": "Managed by Terraform",
              "Environment": "dev",
              "Name": "novinho-labs-dev-internet-gw"
            },
            "tags_all": {
              "Description": "Managed by Terraform",
              "Environment": "dev",
              "Name": "novinho-labs-dev-internet-gw"
            },
            "vpc_id": "vpc-0a63a543e8afdd630"
          },
          "sensitive_attributes": [],
          "private": "bnVsbA==",
          "dependencies": [
            "module.network.aws_vpc.main"
          ]
        }
      ]
    },
    {
      "module": "module.network",
      "mode": "managed",
      "type": "aws_nat_gateway",
      "name": "nat",
      "provider": "provider[\"registry.terraform.io/hashicorp/aws\"]",
      "instances": [
        {
          "index_key": "us-east-1a",
          "schema_version": 0,
          "attributes": {
            "allocation_id": "eipalloc-04552b353b6c8df0f",
            "connectivity_type": "public",
            "id": "nat-0bfa0f081302e0b00",
            "network_interface_id": "eni-0d1fcb4d7c92263b8",
            "private_ip": "10.0.1.214",
            "public_ip": "50.16.42.5",
            "subnet_id": "subnet-0181e2726072c2434",
            "tags": {
              "Description": "Managed by Terraform",
              "Environment": "dev",
              "Name": "novinho-labs-dev-nat-gw"
            },
            "tags_all": {
              "Description": "Managed by Terraform",
              "Environment": "dev",
              "Name": "novinho-labs-dev-nat-gw"
            }
          },
          "sensitive_attributes": [],
          "private": "bnVsbA==",
          "dependencies": [
            "module.network.aws_eip.vpc_eip",
            "module.network.aws_internet_gateway.gw",
            "module.network.aws_subnet.public",
            "module.network.aws_vpc.main"
          ]
        },
        {
          "index_key": "us-east-1b",
          "schema_version": 0,
          "attributes": {
            "allocation_id": "eipalloc-04ac0938160a504e0",
            "connectivity_type": "public",
            "id": "nat-008ebf93fd6e65213",
            "network_interface_id": "eni-0bae6ee019a569bbe",
            "private_ip": "10.0.21.143",
            "public_ip": "52.203.130.59",
            "subnet_id": "subnet-0d90f112c38af8575",
            "tags": {
              "Description": "Managed by Terraform",
              "Environment": "dev",
              "Name": "novinho-labs-dev-nat-gw"
            },
            "tags_all": {
              "Description": "Managed by Terraform",
              "Environment": "dev",
              "Name": "novinho-labs-dev-nat-gw"
            }
          },
          "sensitive_attributes": [],
          "private": "bnVsbA==",
          "dependencies": [
            "module.network.aws_eip.vpc_eip",
            "module.network.aws_internet_gateway.gw",
            "module.network.aws_subnet.public",
            "module.network.aws_vpc.main"
          ]
        }
      ]
    },
    {
      "module": "module.network",
      "mode": "managed",
      "type": "aws_route",
      "name": "nat_access",
      "provider": "provider[\"registry.terraform.io/hashicorp/aws\"]",
      "instances": [
        {
          "index_key": "us-east-1a",
          "schema_version": 0,
          "attributes": {
            "carrier_gateway_id": "",
            "core_network_arn": "",
            "destination_cidr_block": "0.0.0.0/0",
            "destination_ipv6_cidr_block": "",
            "destination_prefix_list_id": "",
            "egress_only_gateway_id": "",
            "gateway_id": "",
            "id": "r-rtb-000dc5f16cfb3c7541080289494",
            "instance_id": "",
            "instance_owner_id": "",
            "local_gateway_id": "",
            "nat_gateway_id": "nat-0bfa0f081302e0b00",
            "network_interface_id": "",
            "origin": "CreateRoute",
            "route_table_id": "rtb-000dc5f16cfb3c754",
            "state": "active",
            "timeouts": null,
            "transit_gateway_id": "",
            "vpc_endpoint_id": "",
            "vpc_peering_connection_id": ""
          },
          "sensitive_attributes": [],
          "private": "eyJlMmJmYjczMC1lY2FhLTExZTYtOGY4OC0zNDM2M2JjN2M0YzAiOnsiY3JlYXRlIjozMDAwMDAwMDAwMDAsImRlbGV0ZSI6MzAwMDAwMDAwMDAwLCJ1cGRhdGUiOjEyMDAwMDAwMDAwMH19",
          "dependencies": [
            "module.network.aws_eip.vpc_eip",
            "module.network.aws_internet_gateway.gw",
            "module.network.aws_nat_gateway.nat",
            "module.network.aws_route_table.nat",
            "module.network.aws_subnet.public",
            "module.network.aws_vpc.main"
          ]
        },
        {
          "index_key": "us-east-1b",
          "schema_version": 0,
          "attributes": {
            "carrier_gateway_id": "",
            "core_network_arn": "",
            "destination_cidr_block": "0.0.0.0/0",
            "destination_ipv6_cidr_block": "",
            "destination_prefix_list_id": "",
            "egress_only_gateway_id": "",
            "gateway_id": "",
            "id": "r-rtb-024224481c957083f1080289494",
            "instance_id": "",
            "instance_owner_id": "",
            "local_gateway_id": "",
            "nat_gateway_id": "nat-008ebf93fd6e65213",
            "network_interface_id": "",
            "origin": "CreateRoute",
            "route_table_id": "rtb-024224481c957083f",
            "state": "active",
            "timeouts": null,
            "transit_gateway_id": "",
            "vpc_endpoint_id": "",
            "vpc_peering_connection_id": ""
          },
          "sensitive_attributes": [],
          "private": "eyJlMmJmYjczMC1lY2FhLTExZTYtOGY4OC0zNDM2M2JjN2M0YzAiOnsiY3JlYXRlIjozMDAwMDAwMDAwMDAsImRlbGV0ZSI6MzAwMDAwMDAwMDAwLCJ1cGRhdGUiOjEyMDAwMDAwMDAwMH19",
          "dependencies": [
            "module.network.aws_eip.vpc_eip",
            "module.network.aws_internet_gateway.gw",
            "module.network.aws_nat_gateway.nat",
            "module.network.aws_route_table.nat",
            "module.network.aws_subnet.public",
            "module.network.aws_vpc.main"
          ]
        }
      ]
    },
    {
      "module": "module.network",
      "mode": "managed",
      "type": "aws_route",
      "name": "public_internet_access",
      "provider": "provider[\"registry.terraform.io/hashicorp/aws\"]",
      "instances": [
        {
          "index_key": "us-east-1a",
          "schema_version": 0,
          "attributes": {
            "carrier_gateway_id": "",
            "core_network_arn": "",
            "destination_cidr_block": "0.0.0.0/0",
            "destination_ipv6_cidr_block": "",
            "destination_prefix_list_id": "",
            "egress_only_gateway_id": "",
            "gateway_id": "igw-0ee19566db0e4dd8f",
            "id": "r-rtb-0aac9e738b7ea27fa1080289494",
            "instance_id": "",
            "instance_owner_id": "",
            "local_gateway_id": "",
            "nat_gateway_id": "",
            "network_interface_id": "",
            "origin": "CreateRoute",
            "route_table_id": "rtb-0aac9e738b7ea27fa",
            "state": "active",
            "timeouts": null,
            "transit_gateway_id": "",
            "vpc_endpoint_id": "",
            "vpc_peering_connection_id": ""
          },
          "sensitive_attributes": [],
          "private": "eyJlMmJmYjczMC1lY2FhLTExZTYtOGY4OC0zNDM2M2JjN2M0YzAiOnsiY3JlYXRlIjozMDAwMDAwMDAwMDAsImRlbGV0ZSI6MzAwMDAwMDAwMDAwLCJ1cGRhdGUiOjEyMDAwMDAwMDAwMH19",
          "dependencies": [
            "module.network.aws_internet_gateway.gw",
            "module.network.aws_route_table.igw_route_table",
            "module.network.aws_vpc.main"
          ]
        },
        {
          "index_key": "us-east-1b",
          "schema_version": 0,
          "attributes": {
            "carrier_gateway_id": "",
            "core_network_arn": "",
            "destination_cidr_block": "0.0.0.0/0",
            "destination_ipv6_cidr_block": "",
            "destination_prefix_list_id": "",
            "egress_only_gateway_id": "",
            "gateway_id": "igw-0ee19566db0e4dd8f",
            "id": "r-rtb-00f362b28979bcb1a1080289494",
            "instance_id": "",
            "instance_owner_id": "",
            "local_gateway_id": "",
            "nat_gateway_id": "",
            "network_interface_id": "",
            "origin": "CreateRoute",
            "route_table_id": "rtb-00f362b28979bcb1a",
            "state": "active",
            "timeouts": null,
            "transit_gateway_id": "",
            "vpc_endpoint_id": "",
            "vpc_peering_connection_id": ""
          },
          "sensitive_attributes": [],
          "private": "eyJlMmJmYjczMC1lY2FhLTExZTYtOGY4OC0zNDM2M2JjN2M0YzAiOnsiY3JlYXRlIjozMDAwMDAwMDAwMDAsImRlbGV0ZSI6MzAwMDAwMDAwMDAwLCJ1cGRhdGUiOjEyMDAwMDAwMDAwMH19",
          "dependencies": [
            "module.network.aws_internet_gateway.gw",
            "module.network.aws_route_table.igw_route_table",
            "module.network.aws_vpc.main"
          ]
        }
      ]
    },
    {
      "module": "module.network",
      "mode": "managed",
      "type": "aws_route_table",
      "name": "igw_route_table",
      "provider": "provider[\"registry.terraform.io/hashicorp/aws\"]",
      "instances": [
        {
          "index_key": "us-east-1a",
          "schema_version": 0,
          "attributes": {
            "arn": "arn:aws:ec2:us-east-1:770831555164:route-table/rtb-0aac9e738b7ea27fa",
            "id": "rtb-0aac9e738b7ea27fa",
            "owner_id": "770831555164",
            "propagating_vgws": [],
            "route": [],
            "tags": {
              "Description": "Managed by Terraform",
              "Environment": "dev",
              "Name": "novinho-labs-dev-public-rt"
            },
            "tags_all": {
              "Description": "Managed by Terraform",
              "Environment": "dev",
              "Name": "novinho-labs-dev-public-rt"
            },
            "timeouts": null,
            "vpc_id": "vpc-0a63a543e8afdd630"
          },
          "sensitive_attributes": [],
          "private": "eyJlMmJmYjczMC1lY2FhLTExZTYtOGY4OC0zNDM2M2JjN2M0YzAiOnsiY3JlYXRlIjozMDAwMDAwMDAwMDAsImRlbGV0ZSI6MzAwMDAwMDAwMDAwLCJ1cGRhdGUiOjEyMDAwMDAwMDAwMH19",
          "dependencies": [
            "module.network.aws_internet_gateway.gw",
            "module.network.aws_vpc.main"
          ]
        },
        {
          "index_key": "us-east-1b",
          "schema_version": 0,
          "attributes": {
            "arn": "arn:aws:ec2:us-east-1:770831555164:route-table/rtb-00f362b28979bcb1a",
            "id": "rtb-00f362b28979bcb1a",
            "owner_id": "770831555164",
            "propagating_vgws": [],
            "route": [],
            "tags": {
              "Description": "Managed by Terraform",
              "Environment": "dev",
              "Name": "novinho-labs-dev-public-rt"
            },
            "tags_all": {
              "Description": "Managed by Terraform",
              "Environment": "dev",
              "Name": "novinho-labs-dev-public-rt"
            },
            "timeouts": null,
            "vpc_id": "vpc-0a63a543e8afdd630"
          },
          "sensitive_attributes": [],
          "private": "eyJlMmJmYjczMC1lY2FhLTExZTYtOGY4OC0zNDM2M2JjN2M0YzAiOnsiY3JlYXRlIjozMDAwMDAwMDAwMDAsImRlbGV0ZSI6MzAwMDAwMDAwMDAwLCJ1cGRhdGUiOjEyMDAwMDAwMDAwMH19",
          "dependencies": [
            "module.network.aws_internet_gateway.gw",
            "module.network.aws_vpc.main"
          ]
        }
      ]
    },
    {
      "module": "module.network",
      "mode": "managed",
      "type": "aws_route_table",
      "name": "nat",
      "provider": "provider[\"registry.terraform.io/hashicorp/aws\"]",
      "instances": [
        {
          "index_key": "us-east-1a",
          "schema_version": 0,
          "attributes": {
            "arn": "arn:aws:ec2:us-east-1:770831555164:route-table/rtb-000dc5f16cfb3c754",
            "id": "rtb-000dc5f16cfb3c754",
            "owner_id": "770831555164",
            "propagating_vgws": [],
            "route": [],
            "tags": {
              "Description": "Managed by Terraform",
              "Environment": "dev",
              "Name": "novinho-labs-dev-private-rt"
            },
            "tags_all": {
              "Description": "Managed by Terraform",
              "Environment": "dev",
              "Name": "novinho-labs-dev-private-rt"
            },
            "timeouts": null,
            "vpc_id": "vpc-0a63a543e8afdd630"
          },
          "sensitive_attributes": [],
          "private": "eyJlMmJmYjczMC1lY2FhLTExZTYtOGY4OC0zNDM2M2JjN2M0YzAiOnsiY3JlYXRlIjozMDAwMDAwMDAwMDAsImRlbGV0ZSI6MzAwMDAwMDAwMDAwLCJ1cGRhdGUiOjEyMDAwMDAwMDAwMH19",
          "dependencies": [
            "module.network.aws_vpc.main"
          ]
        },
        {
          "index_key": "us-east-1b",
          "schema_version": 0,
          "attributes": {
            "arn": "arn:aws:ec2:us-east-1:770831555164:route-table/rtb-024224481c957083f",
            "id": "rtb-024224481c957083f",
            "owner_id": "770831555164",
            "propagating_vgws": [],
            "route": [],
            "tags": {
              "Description": "Managed by Terraform",
              "Environment": "dev",
              "Name": "novinho-labs-dev-private-rt"
            },
            "tags_all": {
              "Description": "Managed by Terraform",
              "Environment": "dev",
              "Name": "novinho-labs-dev-private-rt"
            },
            "timeouts": null,
            "vpc_id": "vpc-0a63a543e8afdd630"
          },
          "sensitive_attributes": [],
          "private": "eyJlMmJmYjczMC1lY2FhLTExZTYtOGY4OC0zNDM2M2JjN2M0YzAiOnsiY3JlYXRlIjozMDAwMDAwMDAwMDAsImRlbGV0ZSI6MzAwMDAwMDAwMDAwLCJ1cGRhdGUiOjEyMDAwMDAwMDAwMH19",
          "dependencies": [
            "module.network.aws_vpc.main"
          ]
        }
      ]
    },
    {
      "module": "module.network",
      "mode": "managed",
      "type": "aws_route_table_association",
      "name": "private",
      "provider": "provider[\"registry.terraform.io/hashicorp/aws\"]",
      "instances": [
        {
          "index_key": "us-east-1a",
          "schema_version": 0,
          "attributes": {
            "gateway_id": "",
            "id": "rtbassoc-0de716d14d51416ea",
            "route_table_id": "rtb-000dc5f16cfb3c754",
            "subnet_id": "subnet-06d378c88a61dff68"
          },
          "sensitive_attributes": [],
          "private": "bnVsbA==",
          "dependencies": [
            "module.network.aws_route_table.nat",
            "module.network.aws_subnet.private",
            "module.network.aws_vpc.main"
          ]
        },
        {
          "index_key": "us-east-1b",
          "schema_version": 0,
          "attributes": {
            "gateway_id": "",
            "id": "rtbassoc-0f11037b100ba027d",
            "route_table_id": "rtb-024224481c957083f",
            "subnet_id": "subnet-0b9112c1a4911462e"
          },
          "sensitive_attributes": [],
          "private": "bnVsbA==",
          "dependencies": [
            "module.network.aws_route_table.nat",
            "module.network.aws_subnet.private",
            "module.network.aws_vpc.main"
          ]
        }
      ]
    },
    {
      "module": "module.network",
      "mode": "managed",
      "type": "aws_route_table_association",
      "name": "public",
      "provider": "provider[\"registry.terraform.io/hashicorp/aws\"]",
      "instances": [
        {
          "index_key": "us-east-1a",
          "schema_version": 0,
          "attributes": {
            "gateway_id": "",
            "id": "rtbassoc-088342effe326ef98",
            "route_table_id": "rtb-0aac9e738b7ea27fa",
            "subnet_id": "subnet-0181e2726072c2434"
          },
          "sensitive_attributes": [],
          "private": "bnVsbA==",
          "dependencies": [
            "module.network.aws_internet_gateway.gw",
            "module.network.aws_route_table.igw_route_table",
            "module.network.aws_subnet.public",
            "module.network.aws_vpc.main"
          ]
        },
        {
          "index_key": "us-east-1b",
          "schema_version": 0,
          "attributes": {
            "gateway_id": "",
            "id": "rtbassoc-043c29a77b16352f1",
            "route_table_id": "rtb-00f362b28979bcb1a",
            "subnet_id": "subnet-0d90f112c38af8575"
          },
          "sensitive_attributes": [],
          "private": "bnVsbA==",
          "dependencies": [
            "module.network.aws_internet_gateway.gw",
            "module.network.aws_route_table.igw_route_table",
            "module.network.aws_subnet.public",
            "module.network.aws_vpc.main"
          ]
        }
      ]
    },
    {
      "module": "module.network",
      "mode": "managed",
      "type": "aws_subnet",
      "name": "private",
      "provider": "provider[\"registry.terraform.io/hashicorp/aws\"]",
      "instances": [
        {
          "index_key": "us-east-1a",
          "schema_version": 1,
          "attributes": {
            "arn": "arn:aws:ec2:us-east-1:770831555164:subnet/subnet-06d378c88a61dff68",
            "assign_ipv6_address_on_creation": false,
            "availability_zone": "us-east-1a",
            "availability_zone_id": "use1-az2",
            "cidr_block": "10.0.32.0/20",
            "customer_owned_ipv4_pool": "",
            "enable_dns64": false,
            "enable_resource_name_dns_a_record_on_launch": false,
            "enable_resource_name_dns_aaaa_record_on_launch": false,
            "id": "subnet-06d378c88a61dff68",
            "ipv6_cidr_block": "",
            "ipv6_cidr_block_association_id": "",
            "ipv6_native": false,
            "map_customer_owned_ip_on_launch": false,
            "map_public_ip_on_launch": false,
            "outpost_arn": "",
            "owner_id": "770831555164",
            "private_dns_hostname_type_on_launch": "ip-name",
            "tags": {
              "Description": "Managed by Terraform",
              "Environment": "dev",
              "Name": "novinho-labs-dev-priv-subnet",
              "kubernetes.io/cluster/novinho-labs-dev-eks-novinho": "shared"
            },
            "tags_all": {
              "Description": "Managed by Terraform",
              "Environment": "dev",
              "Name": "novinho-labs-dev-priv-subnet",
              "kubernetes.io/cluster/novinho-labs-dev-eks-novinho": "shared"
            },
            "timeouts": null,
            "vpc_id": "vpc-0a63a543e8afdd630"
          },
          "sensitive_attributes": [],
          "private": "eyJlMmJmYjczMC1lY2FhLTExZTYtOGY4OC0zNDM2M2JjN2M0YzAiOnsiY3JlYXRlIjo2MDAwMDAwMDAwMDAsImRlbGV0ZSI6MTIwMDAwMDAwMDAwMH0sInNjaGVtYV92ZXJzaW9uIjoiMSJ9",
          "dependencies": [
            "module.network.aws_vpc.main"
          ]
        },
        {
          "index_key": "us-east-1b",
          "schema_version": 1,
          "attributes": {
            "arn": "arn:aws:ec2:us-east-1:770831555164:subnet/subnet-0b9112c1a4911462e",
            "assign_ipv6_address_on_creation": false,
            "availability_zone": "us-east-1b",
            "availability_zone_id": "use1-az4",
            "cidr_block": "10.0.48.0/20",
            "customer_owned_ipv4_pool": "",
            "enable_dns64": false,
            "enable_resource_name_dns_a_record_on_launch": false,
            "enable_resource_name_dns_aaaa_record_on_launch": false,
            "id": "subnet-0b9112c1a4911462e",
            "ipv6_cidr_block": "",
            "ipv6_cidr_block_association_id": "",
            "ipv6_native": false,
            "map_customer_owned_ip_on_launch": false,
            "map_public_ip_on_launch": false,
            "outpost_arn": "",
            "owner_id": "770831555164",
            "private_dns_hostname_type_on_launch": "ip-name",
            "tags": {
              "Description": "Managed by Terraform",
              "Environment": "dev",
              "Name": "novinho-labs-dev-priv-subnet",
              "kubernetes.io/cluster/novinho-labs-dev-eks-novinho": "shared"
            },
            "tags_all": {
              "Description": "Managed by Terraform",
              "Environment": "dev",
              "Name": "novinho-labs-dev-priv-subnet",
              "kubernetes.io/cluster/novinho-labs-dev-eks-novinho": "shared"
            },
            "timeouts": null,
            "vpc_id": "vpc-0a63a543e8afdd630"
          },
          "sensitive_attributes": [],
          "private": "eyJlMmJmYjczMC1lY2FhLTExZTYtOGY4OC0zNDM2M2JjN2M0YzAiOnsiY3JlYXRlIjo2MDAwMDAwMDAwMDAsImRlbGV0ZSI6MTIwMDAwMDAwMDAwMH0sInNjaGVtYV92ZXJzaW9uIjoiMSJ9",
          "dependencies": [
            "module.network.aws_vpc.main"
          ]
        }
      ]
    },
    {
      "module": "module.network",
      "mode": "managed",
      "type": "aws_subnet",
      "name": "public",
      "provider": "provider[\"registry.terraform.io/hashicorp/aws\"]",
      "instances": [
        {
          "index_key": "us-east-1a",
          "schema_version": 1,
          "attributes": {
            "arn": "arn:aws:ec2:us-east-1:770831555164:subnet/subnet-0181e2726072c2434",
            "assign_ipv6_address_on_creation": false,
            "availability_zone": "us-east-1a",
            "availability_zone_id": "use1-az2",
            "cidr_block": "10.0.0.0/20",
            "customer_owned_ipv4_pool": "",
            "enable_dns64": false,
            "enable_resource_name_dns_a_record_on_launch": false,
            "enable_resource_name_dns_aaaa_record_on_launch": false,
            "id": "subnet-0181e2726072c2434",
            "ipv6_cidr_block": "",
            "ipv6_cidr_block_association_id": "",
            "ipv6_native": false,
            "map_customer_owned_ip_on_launch": false,
            "map_public_ip_on_launch": true,
            "outpost_arn": "",
            "owner_id": "770831555164",
            "private_dns_hostname_type_on_launch": "ip-name",
            "tags": {
              "Description": "Managed by Terraform",
              "Environment": "dev",
              "Name": "novinho-labs-dev-pub-subnet",
              "kubernetes.io/cluster/novinho-labs-dev-eks-novinho": "shared"
            },
            "tags_all": {
              "Description": "Managed by Terraform",
              "Environment": "dev",
              "Name": "novinho-labs-dev-pub-subnet",
              "kubernetes.io/cluster/novinho-labs-dev-eks-novinho": "shared"
            },
            "timeouts": null,
            "vpc_id": "vpc-0a63a543e8afdd630"
          },
          "sensitive_attributes": [],
          "private": "eyJlMmJmYjczMC1lY2FhLTExZTYtOGY4OC0zNDM2M2JjN2M0YzAiOnsiY3JlYXRlIjo2MDAwMDAwMDAwMDAsImRlbGV0ZSI6MTIwMDAwMDAwMDAwMH0sInNjaGVtYV92ZXJzaW9uIjoiMSJ9",
          "dependencies": [
            "module.network.aws_vpc.main"
          ]
        },
        {
          "index_key": "us-east-1b",
          "schema_version": 1,
          "attributes": {
            "arn": "arn:aws:ec2:us-east-1:770831555164:subnet/subnet-0d90f112c38af8575",
            "assign_ipv6_address_on_creation": false,
            "availability_zone": "us-east-1b",
            "availability_zone_id": "use1-az4",
            "cidr_block": "10.0.16.0/20",
            "customer_owned_ipv4_pool": "",
            "enable_dns64": false,
            "enable_resource_name_dns_a_record_on_launch": false,
            "enable_resource_name_dns_aaaa_record_on_launch": false,
            "id": "subnet-0d90f112c38af8575",
            "ipv6_cidr_block": "",
            "ipv6_cidr_block_association_id": "",
            "ipv6_native": false,
            "map_customer_owned_ip_on_launch": false,
            "map_public_ip_on_launch": true,
            "outpost_arn": "",
            "owner_id": "770831555164",
            "private_dns_hostname_type_on_launch": "ip-name",
            "tags": {
              "Description": "Managed by Terraform",
              "Environment": "dev",
              "Name": "novinho-labs-dev-pub-subnet",
              "kubernetes.io/cluster/novinho-labs-dev-eks-novinho": "shared"
            },
            "tags_all": {
              "Description": "Managed by Terraform",
              "Environment": "dev",
              "Name": "novinho-labs-dev-pub-subnet",
              "kubernetes.io/cluster/novinho-labs-dev-eks-novinho": "shared"
            },
            "timeouts": null,
            "vpc_id": "vpc-0a63a543e8afdd630"
          },
          "sensitive_attributes": [],
          "private": "eyJlMmJmYjczMC1lY2FhLTExZTYtOGY4OC0zNDM2M2JjN2M0YzAiOnsiY3JlYXRlIjo2MDAwMDAwMDAwMDAsImRlbGV0ZSI6MTIwMDAwMDAwMDAwMH0sInNjaGVtYV92ZXJzaW9uIjoiMSJ9",
          "dependencies": [
            "module.network.aws_vpc.main"
          ]
        }
      ]
    },
    {
      "module": "module.network",
      "mode": "managed",
      "type": "aws_vpc",
      "name": "main",
      "provider": "provider[\"registry.terraform.io/hashicorp/aws\"]",
      "instances": [
        {
          "schema_version": 1,
          "attributes": {
            "arn": "arn:aws:ec2:us-east-1:770831555164:vpc/vpc-0a63a543e8afdd630",
            "assign_generated_ipv6_cidr_block": false,
            "cidr_block": "10.0.0.0/16",
            "default_network_acl_id": "acl-0ea0664a981f2bc10",
            "default_route_table_id": "rtb-05492a465b5cfc3cd",
            "default_security_group_id": "sg-08b67b496fb6f70dd",
            "dhcp_options_id": "dopt-b08d5ec9",
            "enable_classiclink": false,
            "enable_classiclink_dns_support": false,
            "enable_dns_hostnames": true,
            "enable_dns_support": true,
            "id": "vpc-0a63a543e8afdd630",
            "instance_tenancy": "default",
            "ipv4_ipam_pool_id": null,
            "ipv4_netmask_length": null,
            "ipv6_association_id": "",
            "ipv6_cidr_block": "",
            "ipv6_cidr_block_network_border_group": "",
            "ipv6_ipam_pool_id": "",
            "ipv6_netmask_length": 0,
            "main_route_table_id": "rtb-05492a465b5cfc3cd",
            "owner_id": "770831555164",
            "tags": {
              "Description": "Managed by Terraform",
              "Environment": "dev",
              "Name": "novinho-labs-dev-vpc"
            },
            "tags_all": {
              "Description": "Managed by Terraform",
              "Environment": "dev",
              "Name": "novinho-labs-dev-vpc"
            }
          },
          "sensitive_attributes": [],
          "private": "eyJzY2hlbWFfdmVyc2lvbiI6IjEifQ=="
        }
      ]
    },
    {
      "module": "module.nodes",
      "mode": "data",
      "type": "aws_iam_policy_document",
      "name": "eks_nodes_role",
      "provider": "provider[\"registry.terraform.io/hashicorp/aws\"]",
      "instances": [
        {
          "schema_version": 0,
          "attributes": {
            "id": "1903849331",
            "json": "{\n  \"Version\": \"2012-10-17\",\n  \"Statement\": [\n    {\n      \"Sid\": \"\",\n      \"Effect\": \"Allow\",\n      \"Action\": \"sts:AssumeRole\",\n      \"Principal\": {\n        \"Service\": \"ec2.amazonaws.com\"\n      }\n    }\n  ]\n}",
            "override_json": null,
            "override_policy_documents": null,
            "policy_id": null,
            "source_json": null,
            "source_policy_documents": null,
            "statement": [
              {
                "actions": [
                  "sts:AssumeRole"
                ],
                "condition": [],
                "effect": "Allow",
                "not_actions": [],
                "not_principals": [],
                "not_resources": [],
                "principals": [
                  {
                    "identifiers": [
                      "ec2.amazonaws.com"
                    ],
                    "type": "Service"
                  }
                ],
                "resources": [],
                "sid": ""
              }
            ],
            "version": "2012-10-17"
          },
          "sensitive_attributes": []
        }
      ]
    },
    {
      "module": "module.nodes",
      "mode": "managed",
      "type": "aws_autoscaling_policy",
      "name": "cpu_down",
      "provider": "provider[\"registry.terraform.io/hashicorp/aws\"]",
      "instances": [
        {
          "schema_version": 0,
          "attributes": {
            "adjustment_type": "ChangeInCapacity",
            "arn": "arn:aws:autoscaling:us-east-1:770831555164:scalingPolicy:a5ebb4e3-ae1f-4018-8851-a8dd3f38de2a:autoScalingGroupName/eks-novinho-labs-dev-node-group-7cc1bfec-4c9e-4d07-9fb9-d2d1dd15bffb:policyName/novinho-labs-dev-eks-novinho-nodes-cpu-scale-down",
            "autoscaling_group_name": "eks-novinho-labs-dev-node-group-7cc1bfec-4c9e-4d07-9fb9-d2d1dd15bffb",
            "cooldown": 300,
            "estimated_instance_warmup": 0,
            "id": "novinho-labs-dev-eks-novinho-nodes-cpu-scale-down",
            "metric_aggregation_type": "",
            "min_adjustment_magnitude": null,
            "name": "novinho-labs-dev-eks-novinho-nodes-cpu-scale-down",
            "policy_type": "SimpleScaling",
            "predictive_scaling_configuration": [],
            "scaling_adjustment": -1,
            "step_adjustment": [],
            "target_tracking_configuration": []
          },
          "sensitive_attributes": [],
          "private": "bnVsbA==",
          "dependencies": [
            "module.master.aws_eks_cluster.eks_cluster",
            "module.master.aws_iam_role.eks_cluster_role",
            "module.master.aws_iam_role_policy_attachment.eks-cluster-cluster",
            "module.master.aws_iam_role_policy_attachment.eks-cluster-service",
            "module.master.aws_security_group.cluster_master_sg",
            "module.master.aws_security_group_rule.ingress_rules",
            "module.master.aws_security_group_rule.ingress_with_source_security_group_id",
            "module.master.data.aws_iam_policy_document.eks_cluster_role",
            "module.network.aws_eip.vpc_eip",
            "module.network.aws_internet_gateway.gw",
            "module.network.aws_nat_gateway.nat",
            "module.network.aws_route.nat_access",
            "module.network.aws_route.public_internet_access",
            "module.network.aws_route_table.igw_route_table",
            "module.network.aws_route_table.nat",
            "module.network.aws_route_table_association.private",
            "module.network.aws_route_table_association.public",
            "module.network.aws_subnet.private",
            "module.network.aws_subnet.public",
            "module.network.aws_vpc.main",
            "module.nodes.aws_eks_node_group.cluster",
            "module.nodes.aws_iam_role.eks_nodes_roles",
            "module.nodes.aws_iam_role_policy_attachment.cni",
            "module.nodes.aws_iam_role_policy_attachment.ecr",
            "module.nodes.aws_iam_role_policy_attachment.node",
            "module.nodes.data.aws_iam_policy_document.eks_nodes_role"
          ]
        }
      ]
    },
    {
      "module": "module.nodes",
      "mode": "managed",
      "type": "aws_autoscaling_policy",
      "name": "cpu_up",
      "provider": "provider[\"registry.terraform.io/hashicorp/aws\"]",
      "instances": [
        {
          "schema_version": 0,
          "attributes": {
            "adjustment_type": "ChangeInCapacity",
            "arn": "arn:aws:autoscaling:us-east-1:770831555164:scalingPolicy:ac8e504e-4005-4bee-bbd1-c6fa5504e9e4:autoScalingGroupName/eks-novinho-labs-dev-node-group-7cc1bfec-4c9e-4d07-9fb9-d2d1dd15bffb:policyName/novinho-labs-dev-eks-novinho-nodes-cpu-scale-up",
            "autoscaling_group_name": "eks-novinho-labs-dev-node-group-7cc1bfec-4c9e-4d07-9fb9-d2d1dd15bffb",
            "cooldown": 300,
            "estimated_instance_warmup": 0,
            "id": "novinho-labs-dev-eks-novinho-nodes-cpu-scale-up",
            "metric_aggregation_type": "",
            "min_adjustment_magnitude": null,
            "name": "novinho-labs-dev-eks-novinho-nodes-cpu-scale-up",
            "policy_type": "SimpleScaling",
            "predictive_scaling_configuration": [],
            "scaling_adjustment": 2,
            "step_adjustment": [],
            "target_tracking_configuration": []
          },
          "sensitive_attributes": [],
          "private": "bnVsbA==",
          "dependencies": [
            "module.master.aws_eks_cluster.eks_cluster",
            "module.master.aws_iam_role.eks_cluster_role",
            "module.master.aws_iam_role_policy_attachment.eks-cluster-cluster",
            "module.master.aws_iam_role_policy_attachment.eks-cluster-service",
            "module.master.aws_security_group.cluster_master_sg",
            "module.master.aws_security_group_rule.ingress_rules",
            "module.master.aws_security_group_rule.ingress_with_source_security_group_id",
            "module.master.data.aws_iam_policy_document.eks_cluster_role",
            "module.network.aws_eip.vpc_eip",
            "module.network.aws_internet_gateway.gw",
            "module.network.aws_nat_gateway.nat",
            "module.network.aws_route.nat_access",
            "module.network.aws_route.public_internet_access",
            "module.network.aws_route_table.igw_route_table",
            "module.network.aws_route_table.nat",
            "module.network.aws_route_table_association.private",
            "module.network.aws_route_table_association.public",
            "module.network.aws_subnet.private",
            "module.network.aws_subnet.public",
            "module.network.aws_vpc.main",
            "module.nodes.aws_eks_node_group.cluster",
            "module.nodes.aws_iam_role.eks_nodes_roles",
            "module.nodes.aws_iam_role_policy_attachment.cni",
            "module.nodes.aws_iam_role_policy_attachment.ecr",
            "module.nodes.aws_iam_role_policy_attachment.node",
            "module.nodes.data.aws_iam_policy_document.eks_nodes_role"
          ]
        }
      ]
    },
    {
      "module": "module.nodes",
      "mode": "managed",
      "type": "aws_cloudwatch_metric_alarm",
      "name": "cpu_down",
      "provider": "provider[\"registry.terraform.io/hashicorp/aws\"]",
      "instances": [
        {
          "schema_version": 1,
          "attributes": {
            "actions_enabled": true,
            "alarm_actions": [
              "arn:aws:autoscaling:us-east-1:770831555164:scalingPolicy:a5ebb4e3-ae1f-4018-8851-a8dd3f38de2a:autoScalingGroupName/eks-novinho-labs-dev-node-group-7cc1bfec-4c9e-4d07-9fb9-d2d1dd15bffb:policyName/novinho-labs-dev-eks-novinho-nodes-cpu-scale-down"
            ],
            "alarm_description": "",
            "alarm_name": "novinho-labs-dev-eks-novinho-nodes-cpu-low",
            "arn": "arn:aws:cloudwatch:us-east-1:770831555164:alarm:novinho-labs-dev-eks-novinho-nodes-cpu-low",
            "comparison_operator": "LessThanOrEqualToThreshold",
            "datapoints_to_alarm": 0,
            "dimensions": {
              "AutoScalingGroupName": "eks-novinho-labs-dev-node-group-7cc1bfec-4c9e-4d07-9fb9-d2d1dd15bffb"
            },
            "evaluate_low_sample_count_percentiles": "",
            "evaluation_periods": 2,
            "extended_statistic": "",
            "id": "novinho-labs-dev-eks-novinho-nodes-cpu-low",
            "insufficient_data_actions": null,
            "metric_name": "CPUUtilization",
            "metric_query": [],
            "namespace": "AWS/EC2",
            "ok_actions": null,
            "period": 120,
            "statistic": "Average",
            "tags": null,
            "tags_all": {},
            "threshold": 40,
            "threshold_metric_id": "",
            "treat_missing_data": "missing",
            "unit": ""
          },
          "sensitive_attributes": [],
          "private": "eyJzY2hlbWFfdmVyc2lvbiI6IjEifQ==",
          "dependencies": [
            "module.master.aws_eks_cluster.eks_cluster",
            "module.master.aws_iam_role.eks_cluster_role",
            "module.master.aws_iam_role_policy_attachment.eks-cluster-cluster",
            "module.master.aws_iam_role_policy_attachment.eks-cluster-service",
            "module.master.aws_security_group.cluster_master_sg",
            "module.master.aws_security_group_rule.ingress_rules",
            "module.master.aws_security_group_rule.ingress_with_source_security_group_id",
            "module.master.data.aws_iam_policy_document.eks_cluster_role",
            "module.network.aws_eip.vpc_eip",
            "module.network.aws_internet_gateway.gw",
            "module.network.aws_nat_gateway.nat",
            "module.network.aws_route.nat_access",
            "module.network.aws_route.public_internet_access",
            "module.network.aws_route_table.igw_route_table",
            "module.network.aws_route_table.nat",
            "module.network.aws_route_table_association.private",
            "module.network.aws_route_table_association.public",
            "module.network.aws_subnet.private",
            "module.network.aws_subnet.public",
            "module.network.aws_vpc.main",
            "module.nodes.aws_autoscaling_policy.cpu_down",
            "module.nodes.aws_eks_node_group.cluster",
            "module.nodes.aws_iam_role.eks_nodes_roles",
            "module.nodes.aws_iam_role_policy_attachment.cni",
            "module.nodes.aws_iam_role_policy_attachment.ecr",
            "module.nodes.aws_iam_role_policy_attachment.node",
            "module.nodes.data.aws_iam_policy_document.eks_nodes_role"
          ]
        }
      ]
    },
    {
      "module": "module.nodes",
      "mode": "managed",
      "type": "aws_cloudwatch_metric_alarm",
      "name": "cpu_up",
      "provider": "provider[\"registry.terraform.io/hashicorp/aws\"]",
      "instances": [
        {
          "schema_version": 1,
          "attributes": {
            "actions_enabled": true,
            "alarm_actions": [
              "arn:aws:autoscaling:us-east-1:770831555164:scalingPolicy:ac8e504e-4005-4bee-bbd1-c6fa5504e9e4:autoScalingGroupName/eks-novinho-labs-dev-node-group-7cc1bfec-4c9e-4d07-9fb9-d2d1dd15bffb:policyName/novinho-labs-dev-eks-novinho-nodes-cpu-scale-up"
            ],
            "alarm_description": "",
            "alarm_name": "novinho-labs-dev-eks-novinho-nodes-cpu-high",
            "arn": "arn:aws:cloudwatch:us-east-1:770831555164:alarm:novinho-labs-dev-eks-novinho-nodes-cpu-high",
            "comparison_operator": "GreaterThanOrEqualToThreshold",
            "datapoints_to_alarm": 0,
            "dimensions": {
              "AutoScalingGroupName": "eks-novinho-labs-dev-node-group-7cc1bfec-4c9e-4d07-9fb9-d2d1dd15bffb"
            },
            "evaluate_low_sample_count_percentiles": "",
            "evaluation_periods": 2,
            "extended_statistic": "",
            "id": "novinho-labs-dev-eks-novinho-nodes-cpu-high",
            "insufficient_data_actions": null,
            "metric_name": "CPUUtilization",
            "metric_query": [],
            "namespace": "AWS/EC2",
            "ok_actions": null,
            "period": 60,
            "statistic": "Average",
            "tags": null,
            "tags_all": {},
            "threshold": 80,
            "threshold_metric_id": "",
            "treat_missing_data": "missing",
            "unit": ""
          },
          "sensitive_attributes": [],
          "private": "eyJzY2hlbWFfdmVyc2lvbiI6IjEifQ==",
          "dependencies": [
            "module.master.aws_eks_cluster.eks_cluster",
            "module.master.aws_iam_role.eks_cluster_role",
            "module.master.aws_iam_role_policy_attachment.eks-cluster-cluster",
            "module.master.aws_iam_role_policy_attachment.eks-cluster-service",
            "module.master.aws_security_group.cluster_master_sg",
            "module.master.aws_security_group_rule.ingress_rules",
            "module.master.aws_security_group_rule.ingress_with_source_security_group_id",
            "module.master.data.aws_iam_policy_document.eks_cluster_role",
            "module.network.aws_eip.vpc_eip",
            "module.network.aws_internet_gateway.gw",
            "module.network.aws_nat_gateway.nat",
            "module.network.aws_route.nat_access",
            "module.network.aws_route.public_internet_access",
            "module.network.aws_route_table.igw_route_table",
            "module.network.aws_route_table.nat",
            "module.network.aws_route_table_association.private",
            "module.network.aws_route_table_association.public",
            "module.network.aws_subnet.private",
            "module.network.aws_subnet.public",
            "module.network.aws_vpc.main",
            "module.nodes.aws_autoscaling_policy.cpu_up",
            "module.nodes.aws_eks_node_group.cluster",
            "module.nodes.aws_iam_role.eks_nodes_roles",
            "module.nodes.aws_iam_role_policy_attachment.cni",
            "module.nodes.aws_iam_role_policy_attachment.ecr",
            "module.nodes.aws_iam_role_policy_attachment.node",
            "module.nodes.data.aws_iam_policy_document.eks_nodes_role"
          ]
        }
      ]
    },
    {
      "module": "module.nodes",
      "mode": "managed",
      "type": "aws_eks_node_group",
      "name": "cluster",
      "provider": "provider[\"registry.terraform.io/hashicorp/aws\"]",
      "instances": [
        {
          "schema_version": 0,
          "attributes": {
            "ami_type": "AL2_x86_64",
            "arn": "arn:aws:eks:us-east-1:770831555164:nodegroup/novinho-labs-dev-eks-novinho/novinho-labs-dev-node-group/7cc1bfec-4c9e-4d07-9fb9-d2d1dd15bffb",
            "capacity_type": "ON_DEMAND",
            "cluster_name": "novinho-labs-dev-eks-novinho",
            "disk_size": 20,
            "force_update_version": null,
            "id": "novinho-labs-dev-eks-novinho:novinho-labs-dev-node-group",
            "instance_types": [
              "t2.small"
            ],
            "labels": null,
            "launch_template": [],
            "node_group_name": "novinho-labs-dev-node-group",
            "node_group_name_prefix": "",
            "node_role_arn": "arn:aws:iam::770831555164:role/novinho-labs-dev-eks-nodes",
            "release_version": "1.21.14-20220914",
            "remote_access": [],
            "resources": [
              {
                "autoscaling_groups": [
                  {
                    "name": "eks-novinho-labs-dev-node-group-7cc1bfec-4c9e-4d07-9fb9-d2d1dd15bffb"
                  }
                ],
                "remote_access_security_group_id": ""
              }
            ],
            "scaling_config": [
              {
                "desired_size": 4,
                "max_size": 5,
                "min_size": 4
              }
            ],
            "status": "ACTIVE",
            "subnet_ids": [
              "subnet-06d378c88a61dff68",
              "subnet-0b9112c1a4911462e"
            ],
            "tags": {
              "kubernetes.io/cluster/novinho-labs-dev-eks-novinho": "owned"
            },
            "tags_all": {
              "kubernetes.io/cluster/novinho-labs-dev-eks-novinho": "owned"
            },
            "taint": [],
            "timeouts": null,
            "update_config": [
              {
                "max_unavailable": 1,
                "max_unavailable_percentage": 0
              }
            ],
            "version": "1.21"
          },
          "sensitive_attributes": [],
          "private": "eyJlMmJmYjczMC1lY2FhLTExZTYtOGY4OC0zNDM2M2JjN2M0YzAiOnsiY3JlYXRlIjozNjAwMDAwMDAwMDAwLCJkZWxldGUiOjM2MDAwMDAwMDAwMDAsInVwZGF0ZSI6MzYwMDAwMDAwMDAwMH19",
          "dependencies": [
            "module.master.aws_eks_cluster.eks_cluster",
            "module.master.aws_iam_role.eks_cluster_role",
            "module.master.aws_iam_role_policy_attachment.eks-cluster-cluster",
            "module.master.aws_iam_role_policy_attachment.eks-cluster-service",
            "module.master.aws_security_group.cluster_master_sg",
            "module.master.aws_security_group_rule.ingress_rules",
            "module.master.aws_security_group_rule.ingress_with_source_security_group_id",
            "module.master.data.aws_iam_policy_document.eks_cluster_role",
            "module.network.aws_eip.vpc_eip",
            "module.network.aws_internet_gateway.gw",
            "module.network.aws_nat_gateway.nat",
            "module.network.aws_route.nat_access",
            "module.network.aws_route.public_internet_access",
            "module.network.aws_route_table.igw_route_table",
            "module.network.aws_route_table.nat",
            "module.network.aws_route_table_association.private",
            "module.network.aws_route_table_association.public",
            "module.network.aws_subnet.private",
            "module.network.aws_subnet.public",
            "module.network.aws_vpc.main",
            "module.nodes.aws_iam_role.eks_nodes_roles",
            "module.nodes.aws_iam_role_policy_attachment.cni",
            "module.nodes.aws_iam_role_policy_attachment.ecr",
            "module.nodes.aws_iam_role_policy_attachment.node",
            "module.nodes.data.aws_iam_policy_document.eks_nodes_role"
          ]
        }
      ]
    },
    {
      "module": "module.nodes",
      "mode": "managed",
      "type": "aws_iam_role",
      "name": "eks_nodes_roles",
      "provider": "provider[\"registry.terraform.io/hashicorp/aws\"]",
      "instances": [
        {
          "schema_version": 0,
          "attributes": {
            "arn": "arn:aws:iam::770831555164:role/novinho-labs-dev-eks-nodes",
            "assume_role_policy": "{\"Version\":\"2012-10-17\",\"Statement\":[{\"Sid\":\"\",\"Effect\":\"Allow\",\"Principal\":{\"Service\":\"ec2.amazonaws.com\"},\"Action\":\"sts:AssumeRole\"}]}",
            "create_date": "2022-09-27T16:47:22Z",
            "description": "",
            "force_detach_policies": false,
            "id": "novinho-labs-dev-eks-nodes",
            "inline_policy": [
              {
                "name": "",
                "policy": ""
              }
            ],
            "managed_policy_arns": [],
            "max_session_duration": 3600,
            "name": "novinho-labs-dev-eks-nodes",
            "name_prefix": "",
            "path": "/",
            "permissions_boundary": null,
            "tags": null,
            "tags_all": {},
            "unique_id": "AROA3G6JEDJOES326EJXJ"
          },
          "sensitive_attributes": [],
          "private": "bnVsbA==",
          "dependencies": [
            "module.master.aws_eks_cluster.eks_cluster",
            "module.master.aws_iam_role.eks_cluster_role",
            "module.master.aws_iam_role_policy_attachment.eks-cluster-cluster",
            "module.master.aws_iam_role_policy_attachment.eks-cluster-service",
            "module.master.aws_security_group.cluster_master_sg",
            "module.master.aws_security_group_rule.ingress_rules",
            "module.master.aws_security_group_rule.ingress_with_source_security_group_id",
            "module.master.data.aws_iam_policy_document.eks_cluster_role",
            "module.network.aws_eip.vpc_eip",
            "module.network.aws_internet_gateway.gw",
            "module.network.aws_nat_gateway.nat",
            "module.network.aws_route.nat_access",
            "module.network.aws_route.public_internet_access",
            "module.network.aws_route_table.igw_route_table",
            "module.network.aws_route_table.nat",
            "module.network.aws_route_table_association.private",
            "module.network.aws_route_table_association.public",
            "module.network.aws_subnet.private",
            "module.network.aws_subnet.public",
            "module.network.aws_vpc.main",
            "module.nodes.data.aws_iam_policy_document.eks_nodes_role"
          ]
        }
      ]
    },
    {
      "module": "module.nodes",
      "mode": "managed",
      "type": "aws_iam_role_policy_attachment",
      "name": "cni",
      "provider": "provider[\"registry.terraform.io/hashicorp/aws\"]",
      "instances": [
        {
          "schema_version": 0,
          "attributes": {
            "id": "novinho-labs-dev-eks-nodes-20220927164724608500000005",
            "policy_arn": "arn:aws:iam::aws:policy/AmazonEKS_CNI_Policy",
            "role": "novinho-labs-dev-eks-nodes"
          },
          "sensitive_attributes": [],
          "private": "bnVsbA==",
          "dependencies": [
            "module.master.aws_eks_cluster.eks_cluster",
            "module.master.aws_iam_role.eks_cluster_role",
            "module.master.aws_iam_role_policy_attachment.eks-cluster-cluster",
            "module.master.aws_iam_role_policy_attachment.eks-cluster-service",
            "module.master.aws_security_group.cluster_master_sg",
            "module.master.aws_security_group_rule.ingress_rules",
            "module.master.aws_security_group_rule.ingress_with_source_security_group_id",
            "module.master.data.aws_iam_policy_document.eks_cluster_role",
            "module.network.aws_eip.vpc_eip",
            "module.network.aws_internet_gateway.gw",
            "module.network.aws_nat_gateway.nat",
            "module.network.aws_route.nat_access",
            "module.network.aws_route.public_internet_access",
            "module.network.aws_route_table.igw_route_table",
            "module.network.aws_route_table.nat",
            "module.network.aws_route_table_association.private",
            "module.network.aws_route_table_association.public",
            "module.network.aws_subnet.private",
            "module.network.aws_subnet.public",
            "module.network.aws_vpc.main",
            "module.nodes.aws_iam_role.eks_nodes_roles",
            "module.nodes.data.aws_iam_policy_document.eks_nodes_role"
          ]
        }
      ]
    },
    {
      "module": "module.nodes",
      "mode": "managed",
      "type": "aws_iam_role_policy_attachment",
      "name": "ecr",
      "provider": "provider[\"registry.terraform.io/hashicorp/aws\"]",
      "instances": [
        {
          "schema_version": 0,
          "attributes": {
            "id": "novinho-labs-dev-eks-nodes-20220927164724165400000003",
            "policy_arn": "arn:aws:iam::aws:policy/AmazonEC2ContainerRegistryReadOnly",
            "role": "novinho-labs-dev-eks-nodes"
          },
          "sensitive_attributes": [],
          "private": "bnVsbA==",
          "dependencies": [
            "module.master.aws_eks_cluster.eks_cluster",
            "module.master.aws_iam_role.eks_cluster_role",
            "module.master.aws_iam_role_policy_attachment.eks-cluster-cluster",
            "module.master.aws_iam_role_policy_attachment.eks-cluster-service",
            "module.master.aws_security_group.cluster_master_sg",
            "module.master.aws_security_group_rule.ingress_rules",
            "module.master.aws_security_group_rule.ingress_with_source_security_group_id",
            "module.master.data.aws_iam_policy_document.eks_cluster_role",
            "module.network.aws_eip.vpc_eip",
            "module.network.aws_internet_gateway.gw",
            "module.network.aws_nat_gateway.nat",
            "module.network.aws_route.nat_access",
            "module.network.aws_route.public_internet_access",
            "module.network.aws_route_table.igw_route_table",
            "module.network.aws_route_table.nat",
            "module.network.aws_route_table_association.private",
            "module.network.aws_route_table_association.public",
            "module.network.aws_subnet.private",
            "module.network.aws_subnet.public",
            "module.network.aws_vpc.main",
            "module.nodes.aws_iam_role.eks_nodes_roles",
            "module.nodes.data.aws_iam_policy_document.eks_nodes_role"
          ]
        }
      ]
    },
    {
      "module": "module.nodes",
      "mode": "managed",
      "type": "aws_iam_role_policy_attachment",
      "name": "node",
      "provider": "provider[\"registry.terraform.io/hashicorp/aws\"]",
      "instances": [
        {
          "schema_version": 0,
          "attributes": {
            "id": "novinho-labs-dev-eks-nodes-20220927164724400700000004",
            "policy_arn": "arn:aws:iam::aws:policy/AmazonEKSWorkerNodePolicy",
            "role": "novinho-labs-dev-eks-nodes"
          },
          "sensitive_attributes": [],
          "private": "bnVsbA==",
          "dependencies": [
            "module.master.aws_eks_cluster.eks_cluster",
            "module.master.aws_iam_role.eks_cluster_role",
            "module.master.aws_iam_role_policy_attachment.eks-cluster-cluster",
            "module.master.aws_iam_role_policy_attachment.eks-cluster-service",
            "module.master.aws_security_group.cluster_master_sg",
            "module.master.aws_security_group_rule.ingress_rules",
            "module.master.aws_security_group_rule.ingress_with_source_security_group_id",
            "module.master.data.aws_iam_policy_document.eks_cluster_role",
            "module.network.aws_eip.vpc_eip",
            "module.network.aws_internet_gateway.gw",
            "module.network.aws_nat_gateway.nat",
            "module.network.aws_route.nat_access",
            "module.network.aws_route.public_internet_access",
            "module.network.aws_route_table.igw_route_table",
            "module.network.aws_route_table.nat",
            "module.network.aws_route_table_association.private",
            "module.network.aws_route_table_association.public",
            "module.network.aws_subnet.private",
            "module.network.aws_subnet.public",
            "module.network.aws_vpc.main",
            "module.nodes.aws_iam_role.eks_nodes_roles",
            "module.nodes.data.aws_iam_policy_document.eks_nodes_role"
          ]
        }
      ]
    }
  ]
}
