{
  "version": 4,
  "terraform_version": "1.1.7",
  "serial": 170,
  "lineage": "73aa3cd4-b512-0249-5c0f-5b5a6d7562eb",
  "outputs": {
    "configure_kubectl": {
      "value": "aws eks --region us-east-1 update-kubeconfig --name novinho-labs-dev-eks-novinho",
      "type": "string"
    },
    "private_subnets_id": {
      "value": [
        "subnet-069371a4e20369ded",
        "subnet-07324f391d60efe37"
      ],
      "type": [
        "tuple",
        [
          "string",
          "string"
        ]
      ]
    },
    "public_subnets_id": {
      "value": [
        "subnet-0c6f932e390011761",
        "subnet-0d7954352c3b6c6e5"
      ],
      "type": [
        "tuple",
        [
          "string",
          "string"
        ]
      ]
    },
    "vpc_id": {
      "value": "vpc-0b42cb812296b0cfa",
      "type": "string"
    }
  },
  "resources": [
    {
      "module": "module.master",
      "mode": "data",
      "type": "aws_iam_policy_document",
      "name": "eks_cluster_role",
      "provider": "provider[\"registry.terraform.io/hashicorp/aws\"]",
      "instances": [
        {
          "schema_version": 0,
          "attributes": {
            "id": "189502314",
            "json": "{\n  \"Version\": \"2012-10-17\",\n  \"Statement\": [\n    {\n      \"Sid\": \"\",\n      \"Effect\": \"Allow\",\n      \"Action\": \"sts:AssumeRole\",\n      \"Principal\": {\n        \"Service\": \"eks.amazonaws.com\"\n      }\n    }\n  ]\n}",
            "override_json": null,
            "override_policy_documents": null,
            "policy_id": null,
            "source_json": null,
            "source_policy_documents": null,
            "statement": [
              {
                "actions": [
                  "sts:AssumeRole"
                ],
                "condition": [],
                "effect": "Allow",
                "not_actions": [],
                "not_principals": [],
                "not_resources": [],
                "principals": [
                  {
                    "identifiers": [
                      "eks.amazonaws.com"
                    ],
                    "type": "Service"
                  }
                ],
                "resources": [],
                "sid": ""
              }
            ],
            "version": "2012-10-17"
          },
          "sensitive_attributes": []
        }
      ]
    },
    {
      "module": "module.master",
      "mode": "managed",
      "type": "aws_eks_cluster",
      "name": "eks_cluster",
      "provider": "provider[\"registry.terraform.io/hashicorp/aws\"]",
      "instances": [
        {
          "schema_version": 0,
          "attributes": {
            "arn": "arn:aws:eks:us-east-1:770831555164:cluster/novinho-labs-dev-eks-novinho",
            "certificate_authority": [
              {
                "data": "LS0tLS1CRUdJTiBDRVJUSUZJQ0FURS0tLS0tCk1JSUM1ekNDQWMrZ0F3SUJBZ0lCQURBTkJna3Foa2lHOXcwQkFRc0ZBREFWTVJNd0VRWURWUVFERXdwcmRXSmwKY201bGRHVnpNQjRYRFRJeU1EY3hOakV6TkRnMU0xb1hEVE15TURjeE16RXpORGcxTTFvd0ZURVRNQkVHQTFVRQpBeE1LYTNWaVpYSnVaWFJsY3pDQ0FTSXdEUVlKS29aSWh2Y05BUUVCQlFBRGdnRVBBRENDQVFvQ2dnRUJBT0ZKCjlvT2s0dEoyam5DTytrcE9OZnhXVkE4TDArNW96SUpXMzZKZE1ObHVYeFUxMGJmNTV6cnIrcGt2Q3U2OXhkeFAKNnRNaTFzcDFOWEEzeDQ4cDdlVFgxQ3BvK0E2YnhKTEVDc3NKQ2lBamxTcnFlRTBBdlgvcXVLa1NUTUZFcHRxYwpVMlpvb0l2Q1hKdkpsSFRWVm4zaVNLUFF0Z0J4L1MwaUtQUzF0dlhEWDlHeC9MWHVPL20yRkc0emc3WGl2cUVSCi9weXgrbWJSbFpkY0gzTk5hdEZ6MGJ3K3hSYTcvMFhOdytMZUxuMDltSUtFa000bVZNUk5jZEhtYS80K01VcEQKZlBzaXNUa2p5VWNGRXBPUVNvQ1VCQ1Rpa01iZDU4Q0s4ZENHdGR5QUZyRHQ5K0tNM3F3andudjBrYS9vSTA1YwpnYXVpOTRPUy9tRU1DRzB2ckZVQ0F3RUFBYU5DTUVBd0RnWURWUjBQQVFIL0JBUURBZ0trTUE4R0ExVWRFd0VCCi93UUZNQU1CQWY4d0hRWURWUjBPQkJZRUZIQThTUng2cGdjOG5OdHU2eWxvRDBvUXo1TGZNQTBHQ1NxR1NJYjMKRFFFQkN3VUFBNElCQVFEYVJqdVBINnY4alczaCtlbWtTeHJUZFE2Q1hRdGk4OFBMQ0p2QXp3TEJkQ3c4UCs4SQpYZ3FMb3NLNTZ4NERTYXpQNnpkaERVZHdlMDllNEpMQW5jdWg4MUl6U0tvejdoT2xvLzZrZzBvNTNpY1lJUkpNCmxtNVdBMGljcmtVcHdXVFRSQVk2OHdVT1hDWTd6K2syTVRlRWpKcmJWY3B4VFRGY29qQ3B3ellXaHhDM3E0ZjUKdmNiM3N6emVCTzZlTkRXaEczMDZaS3V6c1BXUHlUOERsUUFYeThHcmdWak92d0NQdmFDbDBEU1BJRHRZRFViaApqRVR6MTNMb2NTb3lOM1VmcE9mT2xwaWFJbGN2TExubFNERHY4LzRJVGVlVDVxWEsyQjg2dE1seXYzd091SHJtCmRSWWI3d1BuNmE1cWZkdjRFaTRGeGlmNVBWRGtzeDB3WTFsVQotLS0tLUVORCBDRVJUSUZJQ0FURS0tLS0tCg=="
              }
            ],
            "created_at": "2022-07-16 13:42:50.223 +0000 UTC",
            "enabled_cluster_log_types": [],
            "encryption_config": [],
            "endpoint": "https://E0092F6676DDE01842BBF2F709B7DE1A.gr7.us-east-1.eks.amazonaws.com",
            "id": "novinho-labs-dev-eks-novinho",
            "identity": [
              {
                "oidc": [
                  {
                    "issuer": "https://oidc.eks.us-east-1.amazonaws.com/id/E0092F6676DDE01842BBF2F709B7DE1A"
                  }
                ]
              }
            ],
            "kubernetes_network_config": [
              {
                "ip_family": "ipv4",
                "service_ipv4_cidr": "172.20.0.0/16"
              }
            ],
            "name": "novinho-labs-dev-eks-novinho",
            "platform_version": "eks.9",
            "role_arn": "arn:aws:iam::770831555164:role/novinho-labs-dev-eks-cluster-role",
            "status": "ACTIVE",
            "tags": {
              "kubernetes.io/cluster/novinho-labs-dev-eks-novinho": "shared"
            },
            "tags_all": {
              "kubernetes.io/cluster/novinho-labs-dev-eks-novinho": "shared"
            },
            "timeouts": null,
            "version": "1.21",
            "vpc_config": [
              {
                "cluster_security_group_id": "sg-0ee8322cebdc65fc8",
                "endpoint_private_access": false,
                "endpoint_public_access": true,
                "public_access_cidrs": [
                  "0.0.0.0/0"
                ],
                "security_group_ids": [
                  "sg-0ead8b549c1d2440a"
                ],
                "subnet_ids": [
                  "subnet-069371a4e20369ded",
                  "subnet-07324f391d60efe37"
                ],
                "vpc_id": "vpc-0b42cb812296b0cfa"
              }
            ]
          },
          "sensitive_attributes": [],
          "private": "eyJlMmJmYjczMC1lY2FhLTExZTYtOGY4OC0zNDM2M2JjN2M0YzAiOnsiY3JlYXRlIjoxODAwMDAwMDAwMDAwLCJkZWxldGUiOjkwMDAwMDAwMDAwMCwidXBkYXRlIjozNjAwMDAwMDAwMDAwfX0=",
          "dependencies": [
            "module.master.aws_iam_role.eks_cluster_role",
            "module.master.aws_security_group.cluster_master_sg",
            "module.master.data.aws_iam_policy_document.eks_cluster_role",
            "module.network.aws_eip.vpc_eip",
            "module.network.aws_internet_gateway.gw",
            "module.network.aws_nat_gateway.nat",
            "module.network.aws_route.nat_access",
            "module.network.aws_route.public_internet_access",
            "module.network.aws_route_table.igw_route_table",
            "module.network.aws_route_table.nat",
            "module.network.aws_route_table_association.private",
            "module.network.aws_route_table_association.public",
            "module.network.aws_subnet.private",
            "module.network.aws_subnet.public",
            "module.network.aws_vpc.main"
          ]
        }
      ]
    },
    {
      "module": "module.master",
      "mode": "managed",
      "type": "aws_iam_role",
      "name": "eks_cluster_role",
      "provider": "provider[\"registry.terraform.io/hashicorp/aws\"]",
      "instances": [
        {
          "schema_version": 0,
          "attributes": {
            "arn": "arn:aws:iam::770831555164:role/novinho-labs-dev-eks-cluster-role",
            "assume_role_policy": "{\"Version\":\"2012-10-17\",\"Statement\":[{\"Sid\":\"\",\"Effect\":\"Allow\",\"Principal\":{\"Service\":\"eks.amazonaws.com\"},\"Action\":\"sts:AssumeRole\"}]}",
            "create_date": "2022-07-16T12:58:47Z",
            "description": "",
            "force_detach_policies": false,
            "id": "novinho-labs-dev-eks-cluster-role",
            "inline_policy": [
              {
                "name": "",
                "policy": ""
              }
            ],
            "managed_policy_arns": [
              "arn:aws:iam::aws:policy/AmazonEKSClusterPolicy",
              "arn:aws:iam::aws:policy/AmazonEKSServicePolicy"
            ],
            "max_session_duration": 3600,
            "name": "novinho-labs-dev-eks-cluster-role",
            "name_prefix": "",
            "path": "/",
            "permissions_boundary": null,
            "tags": {},
            "tags_all": {},
            "unique_id": "AROA3G6JEDJOEAWKG7TZ7"
          },
          "sensitive_attributes": [],
          "private": "bnVsbA==",
          "dependencies": [
            "module.master.data.aws_iam_policy_document.eks_cluster_role",
            "module.network.aws_eip.vpc_eip",
            "module.network.aws_internet_gateway.gw",
            "module.network.aws_nat_gateway.nat",
            "module.network.aws_route.nat_access",
            "module.network.aws_route.public_internet_access",
            "module.network.aws_route_table.igw_route_table",
            "module.network.aws_route_table.nat",
            "module.network.aws_route_table_association.private",
            "module.network.aws_route_table_association.public",
            "module.network.aws_subnet.private",
            "module.network.aws_subnet.public",
            "module.network.aws_vpc.main"
          ]
        }
      ]
    },
    {
      "module": "module.master",
      "mode": "managed",
      "type": "aws_iam_role_policy_attachment",
      "name": "eks-cluster-cluster",
      "provider": "provider[\"registry.terraform.io/hashicorp/aws\"]",
      "instances": [
        {
          "schema_version": 0,
          "attributes": {
            "id": "novinho-labs-dev-eks-cluster-role-20220716125848960000000001",
            "policy_arn": "arn:aws:iam::aws:policy/AmazonEKSClusterPolicy",
            "role": "novinho-labs-dev-eks-cluster-role"
          },
          "sensitive_attributes": [],
          "private": "bnVsbA==",
          "dependencies": [
            "module.master.aws_iam_role.eks_cluster_role",
            "module.master.data.aws_iam_policy_document.eks_cluster_role",
            "module.network.aws_eip.vpc_eip",
            "module.network.aws_internet_gateway.gw",
            "module.network.aws_nat_gateway.nat",
            "module.network.aws_route.nat_access",
            "module.network.aws_route.public_internet_access",
            "module.network.aws_route_table.igw_route_table",
            "module.network.aws_route_table.nat",
            "module.network.aws_route_table_association.private",
            "module.network.aws_route_table_association.public",
            "module.network.aws_subnet.private",
            "module.network.aws_subnet.public",
            "module.network.aws_vpc.main"
          ]
        }
      ]
    },
    {
      "module": "module.master",
      "mode": "managed",
      "type": "aws_iam_role_policy_attachment",
      "name": "eks-cluster-service",
      "provider": "provider[\"registry.terraform.io/hashicorp/aws\"]",
      "instances": [
        {
          "schema_version": 0,
          "attributes": {
            "id": "novinho-labs-dev-eks-cluster-role-20220716125849132600000002",
            "policy_arn": "arn:aws:iam::aws:policy/AmazonEKSServicePolicy",
            "role": "novinho-labs-dev-eks-cluster-role"
          },
          "sensitive_attributes": [],
          "private": "bnVsbA==",
          "dependencies": [
            "module.master.aws_iam_role.eks_cluster_role",
            "module.master.data.aws_iam_policy_document.eks_cluster_role",
            "module.network.aws_eip.vpc_eip",
            "module.network.aws_internet_gateway.gw",
            "module.network.aws_nat_gateway.nat",
            "module.network.aws_route.nat_access",
            "module.network.aws_route.public_internet_access",
            "module.network.aws_route_table.igw_route_table",
            "module.network.aws_route_table.nat",
            "module.network.aws_route_table_association.private",
            "module.network.aws_route_table_association.public",
            "module.network.aws_subnet.private",
            "module.network.aws_subnet.public",
            "module.network.aws_vpc.main"
          ]
        }
      ]
    },
    {
      "module": "module.master",
      "mode": "managed",
      "type": "aws_security_group",
      "name": "cluster_master_sg",
      "provider": "provider[\"registry.terraform.io/hashicorp/aws\"]",
      "instances": [
        {
          "schema_version": 1,
          "attributes": {
            "arn": "arn:aws:ec2:us-east-1:770831555164:security-group/sg-0ead8b549c1d2440a",
            "description": "Managed by Terraform",
            "egress": [
              {
                "cidr_blocks": [
                  "0.0.0.0/0"
                ],
                "description": "",
                "from_port": 0,
                "ipv6_cidr_blocks": [],
                "prefix_list_ids": [],
                "protocol": "-1",
                "security_groups": [],
                "self": false,
                "to_port": 0
              }
            ],
            "id": "sg-0ead8b549c1d2440a",
            "ingress": [
              {
                "cidr_blocks": [
                  "0.0.0.0/0"
                ],
                "description": "Allow HTTPS from specific cidr_block range",
                "from_port": 443,
                "ipv6_cidr_blocks": [],
                "prefix_list_ids": [],
                "protocol": "tcp",
                "security_groups": [],
                "self": false,
                "to_port": 443
              }
            ],
            "name": "novinho-labs-dev-eks-novinho-sg",
            "name_prefix": "",
            "owner_id": "770831555164",
            "revoke_rules_on_delete": false,
            "tags": {
              "Description": "Managed by Terraform",
              "Environment": "dev",
              "Name": "novinho-labs-dev-eks-novinho-sg"
            },
            "tags_all": {
              "Description": "Managed by Terraform",
              "Environment": "dev",
              "Name": "novinho-labs-dev-eks-novinho-sg"
            },
            "timeouts": null,
            "vpc_id": "vpc-0b42cb812296b0cfa"
          },
          "sensitive_attributes": [],
          "private": "eyJlMmJmYjczMC1lY2FhLTExZTYtOGY4OC0zNDM2M2JjN2M0YzAiOnsiY3JlYXRlIjo2MDAwMDAwMDAwMDAsImRlbGV0ZSI6OTAwMDAwMDAwMDAwfSwic2NoZW1hX3ZlcnNpb24iOiIxIn0=",
          "dependencies": [
            "module.network.aws_eip.vpc_eip",
            "module.network.aws_internet_gateway.gw",
            "module.network.aws_nat_gateway.nat",
            "module.network.aws_route.nat_access",
            "module.network.aws_route.public_internet_access",
            "module.network.aws_route_table.igw_route_table",
            "module.network.aws_route_table.nat",
            "module.network.aws_route_table_association.private",
            "module.network.aws_route_table_association.public",
            "module.network.aws_subnet.private",
            "module.network.aws_subnet.public",
            "module.network.aws_vpc.main"
          ]
        }
      ]
    },
    {
      "module": "module.master",
      "mode": "managed",
      "type": "aws_security_group_rule",
      "name": "ingress_rules",
      "provider": "provider[\"registry.terraform.io/hashicorp/aws\"]",
      "instances": [
        {
          "index_key": "https",
          "schema_version": 2,
          "attributes": {
            "cidr_blocks": [
              "0.0.0.0/0"
            ],
            "description": "Allow HTTPS from specific cidr_block range",
            "from_port": 443,
            "id": "sgrule-3325289645",
            "ipv6_cidr_blocks": [],
            "prefix_list_ids": [],
            "protocol": "tcp",
            "security_group_id": "sg-0ead8b549c1d2440a",
            "self": false,
            "source_security_group_id": null,
            "to_port": 443,
            "type": "ingress"
          },
          "sensitive_attributes": [],
          "private": "eyJzY2hlbWFfdmVyc2lvbiI6IjIifQ==",
          "dependencies": [
            "module.master.aws_security_group.cluster_master_sg",
            "module.network.aws_eip.vpc_eip",
            "module.network.aws_internet_gateway.gw",
            "module.network.aws_nat_gateway.nat",
            "module.network.aws_route.nat_access",
            "module.network.aws_route.public_internet_access",
            "module.network.aws_route_table.igw_route_table",
            "module.network.aws_route_table.nat",
            "module.network.aws_route_table_association.private",
            "module.network.aws_route_table_association.public",
            "module.network.aws_subnet.private",
            "module.network.aws_subnet.public",
            "module.network.aws_vpc.main"
          ]
        }
      ]
    },
    {
      "module": "module.network",
      "mode": "managed",
      "type": "aws_eip",
      "name": "vpc_eip",
      "provider": "provider[\"registry.terraform.io/hashicorp/aws\"]",
      "instances": [
        {
          "index_key": "us-east-1a",
          "schema_version": 0,
          "attributes": {
            "address": null,
            "allocation_id": "eipalloc-092feb6bdb64a0a4d",
            "associate_with_private_ip": null,
            "association_id": "eipassoc-0444c01d3871c5d6e",
            "carrier_ip": "",
            "customer_owned_ip": "",
            "customer_owned_ipv4_pool": "",
            "domain": "vpc",
            "id": "eipalloc-092feb6bdb64a0a4d",
            "instance": "",
            "network_border_group": "us-east-1",
            "network_interface": "eni-048fbf788746cb27a",
            "private_dns": "ip-10-0-6-253.ec2.internal",
            "private_ip": "10.0.6.253",
            "public_dns": "ec2-3-228-243-188.compute-1.amazonaws.com",
            "public_ip": "3.228.243.188",
            "public_ipv4_pool": "amazon",
            "tags": {
              "Description": "Managed by Terraform",
              "Environment": "dev",
              "Name": "novinho-labs-dev-eip"
            },
            "tags_all": {
              "Description": "Managed by Terraform",
              "Environment": "dev",
              "Name": "novinho-labs-dev-eip"
            },
            "timeouts": null,
            "vpc": true
          },
          "sensitive_attributes": [],
          "private": "eyJlMmJmYjczMC1lY2FhLTExZTYtOGY4OC0zNDM2M2JjN2M0YzAiOnsiZGVsZXRlIjoxODAwMDAwMDAwMDAsInJlYWQiOjkwMDAwMDAwMDAwMCwidXBkYXRlIjozMDAwMDAwMDAwMDB9fQ=="
        },
        {
          "index_key": "us-east-1b",
          "schema_version": 0,
          "attributes": {
            "address": null,
            "allocation_id": "eipalloc-04f03e7c4181f05d7",
            "associate_with_private_ip": null,
            "association_id": "eipassoc-0acdd3ca959132498",
            "carrier_ip": "",
            "customer_owned_ip": "",
            "customer_owned_ipv4_pool": "",
            "domain": "vpc",
            "id": "eipalloc-04f03e7c4181f05d7",
            "instance": "",
            "network_border_group": "us-east-1",
            "network_interface": "eni-07244910c3c0059d5",
            "private_dns": "ip-10-0-31-14.ec2.internal",
            "private_ip": "10.0.31.14",
            "public_dns": "ec2-44-208-192-219.compute-1.amazonaws.com",
            "public_ip": "44.208.192.219",
            "public_ipv4_pool": "amazon",
            "tags": {
              "Description": "Managed by Terraform",
              "Environment": "dev",
              "Name": "novinho-labs-dev-eip"
            },
            "tags_all": {
              "Description": "Managed by Terraform",
              "Environment": "dev",
              "Name": "novinho-labs-dev-eip"
            },
            "timeouts": null,
            "vpc": true
          },
          "sensitive_attributes": [],
          "private": "eyJlMmJmYjczMC1lY2FhLTExZTYtOGY4OC0zNDM2M2JjN2M0YzAiOnsiZGVsZXRlIjoxODAwMDAwMDAwMDAsInJlYWQiOjkwMDAwMDAwMDAwMCwidXBkYXRlIjozMDAwMDAwMDAwMDB9fQ=="
        }
      ]
    },
    {
      "module": "module.network",
      "mode": "managed",
      "type": "aws_internet_gateway",
      "name": "gw",
      "provider": "provider[\"registry.terraform.io/hashicorp/aws\"]",
      "instances": [
        {
          "schema_version": 0,
          "attributes": {
            "arn": "arn:aws:ec2:us-east-1:770831555164:internet-gateway/igw-07901bca9ef724a2b",
            "id": "igw-07901bca9ef724a2b",
            "owner_id": "770831555164",
            "tags": {
              "Description": "Managed by Terraform",
              "Environment": "dev",
              "Name": "novinho-labs-dev-internet-gw"
            },
            "tags_all": {
              "Description": "Managed by Terraform",
              "Environment": "dev",
              "Name": "novinho-labs-dev-internet-gw"
            },
            "vpc_id": "vpc-0b42cb812296b0cfa"
          },
          "sensitive_attributes": [],
          "private": "bnVsbA==",
          "dependencies": [
            "module.network.aws_vpc.main"
          ]
        }
      ]
    },
    {
      "module": "module.network",
      "mode": "managed",
      "type": "aws_nat_gateway",
      "name": "nat",
      "provider": "provider[\"registry.terraform.io/hashicorp/aws\"]",
      "instances": [
        {
          "index_key": "us-east-1a",
          "schema_version": 0,
          "attributes": {
            "allocation_id": "eipalloc-092feb6bdb64a0a4d",
            "connectivity_type": "public",
            "id": "nat-086115b496c8b25c1",
            "network_interface_id": "eni-048fbf788746cb27a",
            "private_ip": "10.0.6.253",
            "public_ip": "3.228.243.188",
            "subnet_id": "subnet-0c6f932e390011761",
            "tags": {
              "Description": "Managed by Terraform",
              "Environment": "dev",
              "Name": "novinho-labs-dev-nat-gw"
            },
            "tags_all": {
              "Description": "Managed by Terraform",
              "Environment": "dev",
              "Name": "novinho-labs-dev-nat-gw"
            }
          },
          "sensitive_attributes": [],
          "private": "bnVsbA==",
          "dependencies": [
            "module.network.aws_eip.vpc_eip",
            "module.network.aws_internet_gateway.gw",
            "module.network.aws_subnet.public",
            "module.network.aws_vpc.main"
          ]
        },
        {
          "index_key": "us-east-1b",
          "schema_version": 0,
          "attributes": {
            "allocation_id": "eipalloc-04f03e7c4181f05d7",
            "connectivity_type": "public",
            "id": "nat-0d5d48b2e8c13fd67",
            "network_interface_id": "eni-07244910c3c0059d5",
            "private_ip": "10.0.31.14",
            "public_ip": "44.208.192.219",
            "subnet_id": "subnet-0d7954352c3b6c6e5",
            "tags": {
              "Description": "Managed by Terraform",
              "Environment": "dev",
              "Name": "novinho-labs-dev-nat-gw"
            },
            "tags_all": {
              "Description": "Managed by Terraform",
              "Environment": "dev",
              "Name": "novinho-labs-dev-nat-gw"
            }
          },
          "sensitive_attributes": [],
          "private": "bnVsbA==",
          "dependencies": [
            "module.network.aws_eip.vpc_eip",
            "module.network.aws_internet_gateway.gw",
            "module.network.aws_subnet.public",
            "module.network.aws_vpc.main"
          ]
        }
      ]
    },
    {
      "module": "module.network",
      "mode": "managed",
      "type": "aws_route",
      "name": "nat_access",
      "provider": "provider[\"registry.terraform.io/hashicorp/aws\"]",
      "instances": [
        {
          "index_key": "us-east-1a",
          "schema_version": 0,
          "attributes": {
            "carrier_gateway_id": "",
            "core_network_arn": "",
            "destination_cidr_block": "0.0.0.0/0",
            "destination_ipv6_cidr_block": "",
            "destination_prefix_list_id": "",
            "egress_only_gateway_id": "",
            "gateway_id": "",
            "id": "r-rtb-004e1f11cbb6a4c561080289494",
            "instance_id": "",
            "instance_owner_id": "",
            "local_gateway_id": "",
            "nat_gateway_id": "nat-086115b496c8b25c1",
            "network_interface_id": "",
            "origin": "CreateRoute",
            "route_table_id": "rtb-004e1f11cbb6a4c56",
            "state": "active",
            "timeouts": null,
            "transit_gateway_id": "",
            "vpc_endpoint_id": "",
            "vpc_peering_connection_id": ""
          },
          "sensitive_attributes": [],
          "private": "eyJlMmJmYjczMC1lY2FhLTExZTYtOGY4OC0zNDM2M2JjN2M0YzAiOnsiY3JlYXRlIjozMDAwMDAwMDAwMDAsImRlbGV0ZSI6MzAwMDAwMDAwMDAwLCJ1cGRhdGUiOjEyMDAwMDAwMDAwMH19",
          "dependencies": [
            "module.network.aws_eip.vpc_eip",
            "module.network.aws_internet_gateway.gw",
            "module.network.aws_nat_gateway.nat",
            "module.network.aws_route_table.nat",
            "module.network.aws_subnet.public",
            "module.network.aws_vpc.main"
          ]
        },
        {
          "index_key": "us-east-1b",
          "schema_version": 0,
          "attributes": {
            "carrier_gateway_id": "",
            "core_network_arn": "",
            "destination_cidr_block": "0.0.0.0/0",
            "destination_ipv6_cidr_block": "",
            "destination_prefix_list_id": "",
            "egress_only_gateway_id": "",
            "gateway_id": "",
            "id": "r-rtb-0573ff6917f71b30a1080289494",
            "instance_id": "",
            "instance_owner_id": "",
            "local_gateway_id": "",
            "nat_gateway_id": "nat-0d5d48b2e8c13fd67",
            "network_interface_id": "",
            "origin": "CreateRoute",
            "route_table_id": "rtb-0573ff6917f71b30a",
            "state": "active",
            "timeouts": null,
            "transit_gateway_id": "",
            "vpc_endpoint_id": "",
            "vpc_peering_connection_id": ""
          },
          "sensitive_attributes": [],
          "private": "eyJlMmJmYjczMC1lY2FhLTExZTYtOGY4OC0zNDM2M2JjN2M0YzAiOnsiY3JlYXRlIjozMDAwMDAwMDAwMDAsImRlbGV0ZSI6MzAwMDAwMDAwMDAwLCJ1cGRhdGUiOjEyMDAwMDAwMDAwMH19",
          "dependencies": [
            "module.network.aws_eip.vpc_eip",
            "module.network.aws_internet_gateway.gw",
            "module.network.aws_nat_gateway.nat",
            "module.network.aws_route_table.nat",
            "module.network.aws_subnet.public",
            "module.network.aws_vpc.main"
          ]
        }
      ]
    },
    {
      "module": "module.network",
      "mode": "managed",
      "type": "aws_route",
      "name": "public_internet_access",
      "provider": "provider[\"registry.terraform.io/hashicorp/aws\"]",
      "instances": [
        {
          "index_key": "us-east-1a",
          "schema_version": 0,
          "attributes": {
            "carrier_gateway_id": "",
            "core_network_arn": "",
            "destination_cidr_block": "0.0.0.0/0",
            "destination_ipv6_cidr_block": "",
            "destination_prefix_list_id": "",
            "egress_only_gateway_id": "",
            "gateway_id": "igw-07901bca9ef724a2b",
            "id": "r-rtb-092d99d4e42b5995b1080289494",
            "instance_id": "",
            "instance_owner_id": "",
            "local_gateway_id": "",
            "nat_gateway_id": "",
            "network_interface_id": "",
            "origin": "CreateRoute",
            "route_table_id": "rtb-092d99d4e42b5995b",
            "state": "active",
            "timeouts": null,
            "transit_gateway_id": "",
            "vpc_endpoint_id": "",
            "vpc_peering_connection_id": ""
          },
          "sensitive_attributes": [],
          "private": "eyJlMmJmYjczMC1lY2FhLTExZTYtOGY4OC0zNDM2M2JjN2M0YzAiOnsiY3JlYXRlIjozMDAwMDAwMDAwMDAsImRlbGV0ZSI6MzAwMDAwMDAwMDAwLCJ1cGRhdGUiOjEyMDAwMDAwMDAwMH19",
          "dependencies": [
            "module.network.aws_internet_gateway.gw",
            "module.network.aws_route_table.igw_route_table",
            "module.network.aws_vpc.main"
          ]
        },
        {
          "index_key": "us-east-1b",
          "schema_version": 0,
          "attributes": {
            "carrier_gateway_id": "",
            "core_network_arn": "",
            "destination_cidr_block": "0.0.0.0/0",
            "destination_ipv6_cidr_block": "",
            "destination_prefix_list_id": "",
            "egress_only_gateway_id": "",
            "gateway_id": "igw-07901bca9ef724a2b",
            "id": "r-rtb-070b7389af85de8d31080289494",
            "instance_id": "",
            "instance_owner_id": "",
            "local_gateway_id": "",
            "nat_gateway_id": "",
            "network_interface_id": "",
            "origin": "CreateRoute",
            "route_table_id": "rtb-070b7389af85de8d3",
            "state": "active",
            "timeouts": null,
            "transit_gateway_id": "",
            "vpc_endpoint_id": "",
            "vpc_peering_connection_id": ""
          },
          "sensitive_attributes": [],
          "private": "eyJlMmJmYjczMC1lY2FhLTExZTYtOGY4OC0zNDM2M2JjN2M0YzAiOnsiY3JlYXRlIjozMDAwMDAwMDAwMDAsImRlbGV0ZSI6MzAwMDAwMDAwMDAwLCJ1cGRhdGUiOjEyMDAwMDAwMDAwMH19",
          "dependencies": [
            "module.network.aws_internet_gateway.gw",
            "module.network.aws_route_table.igw_route_table",
            "module.network.aws_vpc.main"
          ]
        }
      ]
    },
    {
      "module": "module.network",
      "mode": "managed",
      "type": "aws_route_table",
      "name": "igw_route_table",
      "provider": "provider[\"registry.terraform.io/hashicorp/aws\"]",
      "instances": [
        {
          "index_key": "us-east-1a",
          "schema_version": 0,
          "attributes": {
            "arn": "arn:aws:ec2:us-east-1:770831555164:route-table/rtb-092d99d4e42b5995b",
            "id": "rtb-092d99d4e42b5995b",
            "owner_id": "770831555164",
            "propagating_vgws": [],
            "route": [
              {
                "carrier_gateway_id": "",
                "cidr_block": "0.0.0.0/0",
                "core_network_arn": "",
                "destination_prefix_list_id": "",
                "egress_only_gateway_id": "",
                "gateway_id": "igw-07901bca9ef724a2b",
                "instance_id": "",
                "ipv6_cidr_block": "",
                "local_gateway_id": "",
                "nat_gateway_id": "",
                "network_interface_id": "",
                "transit_gateway_id": "",
                "vpc_endpoint_id": "",
                "vpc_peering_connection_id": ""
              }
            ],
            "tags": {
              "Description": "Managed by Terraform",
              "Environment": "dev",
              "Name": "novinho-labs-dev-public-rt"
            },
            "tags_all": {
              "Description": "Managed by Terraform",
              "Environment": "dev",
              "Name": "novinho-labs-dev-public-rt"
            },
            "timeouts": null,
            "vpc_id": "vpc-0b42cb812296b0cfa"
          },
          "sensitive_attributes": [],
          "private": "eyJlMmJmYjczMC1lY2FhLTExZTYtOGY4OC0zNDM2M2JjN2M0YzAiOnsiY3JlYXRlIjozMDAwMDAwMDAwMDAsImRlbGV0ZSI6MzAwMDAwMDAwMDAwLCJ1cGRhdGUiOjEyMDAwMDAwMDAwMH19",
          "dependencies": [
            "module.network.aws_internet_gateway.gw",
            "module.network.aws_vpc.main"
          ]
        },
        {
          "index_key": "us-east-1b",
          "schema_version": 0,
          "attributes": {
            "arn": "arn:aws:ec2:us-east-1:770831555164:route-table/rtb-070b7389af85de8d3",
            "id": "rtb-070b7389af85de8d3",
            "owner_id": "770831555164",
            "propagating_vgws": [],
            "route": [
              {
                "carrier_gateway_id": "",
                "cidr_block": "0.0.0.0/0",
                "core_network_arn": "",
                "destination_prefix_list_id": "",
                "egress_only_gateway_id": "",
                "gateway_id": "igw-07901bca9ef724a2b",
                "instance_id": "",
                "ipv6_cidr_block": "",
                "local_gateway_id": "",
                "nat_gateway_id": "",
                "network_interface_id": "",
                "transit_gateway_id": "",
                "vpc_endpoint_id": "",
                "vpc_peering_connection_id": ""
              }
            ],
            "tags": {
              "Description": "Managed by Terraform",
              "Environment": "dev",
              "Name": "novinho-labs-dev-public-rt"
            },
            "tags_all": {
              "Description": "Managed by Terraform",
              "Environment": "dev",
              "Name": "novinho-labs-dev-public-rt"
            },
            "timeouts": null,
            "vpc_id": "vpc-0b42cb812296b0cfa"
          },
          "sensitive_attributes": [],
          "private": "eyJlMmJmYjczMC1lY2FhLTExZTYtOGY4OC0zNDM2M2JjN2M0YzAiOnsiY3JlYXRlIjozMDAwMDAwMDAwMDAsImRlbGV0ZSI6MzAwMDAwMDAwMDAwLCJ1cGRhdGUiOjEyMDAwMDAwMDAwMH19",
          "dependencies": [
            "module.network.aws_internet_gateway.gw",
            "module.network.aws_vpc.main"
          ]
        }
      ]
    },
    {
      "module": "module.network",
      "mode": "managed",
      "type": "aws_route_table",
      "name": "nat",
      "provider": "provider[\"registry.terraform.io/hashicorp/aws\"]",
      "instances": [
        {
          "index_key": "us-east-1a",
          "schema_version": 0,
          "attributes": {
            "arn": "arn:aws:ec2:us-east-1:770831555164:route-table/rtb-004e1f11cbb6a4c56",
            "id": "rtb-004e1f11cbb6a4c56",
            "owner_id": "770831555164",
            "propagating_vgws": [],
            "route": [
              {
                "carrier_gateway_id": "",
                "cidr_block": "0.0.0.0/0",
                "core_network_arn": "",
                "destination_prefix_list_id": "",
                "egress_only_gateway_id": "",
                "gateway_id": "",
                "instance_id": "",
                "ipv6_cidr_block": "",
                "local_gateway_id": "",
                "nat_gateway_id": "nat-086115b496c8b25c1",
                "network_interface_id": "",
                "transit_gateway_id": "",
                "vpc_endpoint_id": "",
                "vpc_peering_connection_id": ""
              }
            ],
            "tags": {
              "Description": "Managed by Terraform",
              "Environment": "dev",
              "Name": "novinho-labs-dev-private-rt"
            },
            "tags_all": {
              "Description": "Managed by Terraform",
              "Environment": "dev",
              "Name": "novinho-labs-dev-private-rt"
            },
            "timeouts": null,
            "vpc_id": "vpc-0b42cb812296b0cfa"
          },
          "sensitive_attributes": [],
          "private": "eyJlMmJmYjczMC1lY2FhLTExZTYtOGY4OC0zNDM2M2JjN2M0YzAiOnsiY3JlYXRlIjozMDAwMDAwMDAwMDAsImRlbGV0ZSI6MzAwMDAwMDAwMDAwLCJ1cGRhdGUiOjEyMDAwMDAwMDAwMH19",
          "dependencies": [
            "module.network.aws_vpc.main"
          ]
        },
        {
          "index_key": "us-east-1b",
          "schema_version": 0,
          "attributes": {
            "arn": "arn:aws:ec2:us-east-1:770831555164:route-table/rtb-0573ff6917f71b30a",
            "id": "rtb-0573ff6917f71b30a",
            "owner_id": "770831555164",
            "propagating_vgws": [],
            "route": [
              {
                "carrier_gateway_id": "",
                "cidr_block": "0.0.0.0/0",
                "core_network_arn": "",
                "destination_prefix_list_id": "",
                "egress_only_gateway_id": "",
                "gateway_id": "",
                "instance_id": "",
                "ipv6_cidr_block": "",
                "local_gateway_id": "",
                "nat_gateway_id": "nat-0d5d48b2e8c13fd67",
                "network_interface_id": "",
                "transit_gateway_id": "",
                "vpc_endpoint_id": "",
                "vpc_peering_connection_id": ""
              }
            ],
            "tags": {
              "Description": "Managed by Terraform",
              "Environment": "dev",
              "Name": "novinho-labs-dev-private-rt"
            },
            "tags_all": {
              "Description": "Managed by Terraform",
              "Environment": "dev",
              "Name": "novinho-labs-dev-private-rt"
            },
            "timeouts": null,
            "vpc_id": "vpc-0b42cb812296b0cfa"
          },
          "sensitive_attributes": [],
          "private": "eyJlMmJmYjczMC1lY2FhLTExZTYtOGY4OC0zNDM2M2JjN2M0YzAiOnsiY3JlYXRlIjozMDAwMDAwMDAwMDAsImRlbGV0ZSI6MzAwMDAwMDAwMDAwLCJ1cGRhdGUiOjEyMDAwMDAwMDAwMH19",
          "dependencies": [
            "module.network.aws_vpc.main"
          ]
        }
      ]
    },
    {
      "module": "module.network",
      "mode": "managed",
      "type": "aws_route_table_association",
      "name": "private",
      "provider": "provider[\"registry.terraform.io/hashicorp/aws\"]",
      "instances": [
        {
          "index_key": "us-east-1a",
          "schema_version": 0,
          "attributes": {
            "gateway_id": "",
            "id": "rtbassoc-0f85fd4a57faae020",
            "route_table_id": "rtb-004e1f11cbb6a4c56",
            "subnet_id": "subnet-069371a4e20369ded"
          },
          "sensitive_attributes": [],
          "private": "bnVsbA==",
          "dependencies": [
            "module.network.aws_route_table.nat",
            "module.network.aws_subnet.private",
            "module.network.aws_vpc.main"
          ]
        },
        {
          "index_key": "us-east-1b",
          "schema_version": 0,
          "attributes": {
            "gateway_id": "",
            "id": "rtbassoc-0d2e52d0473be4df5",
            "route_table_id": "rtb-0573ff6917f71b30a",
            "subnet_id": "subnet-07324f391d60efe37"
          },
          "sensitive_attributes": [],
          "private": "bnVsbA==",
          "dependencies": [
            "module.network.aws_route_table.nat",
            "module.network.aws_subnet.private",
            "module.network.aws_vpc.main"
          ]
        }
      ]
    },
    {
      "module": "module.network",
      "mode": "managed",
      "type": "aws_route_table_association",
      "name": "public",
      "provider": "provider[\"registry.terraform.io/hashicorp/aws\"]",
      "instances": [
        {
          "index_key": "us-east-1a",
          "schema_version": 0,
          "attributes": {
            "gateway_id": "",
            "id": "rtbassoc-0bf28da7eeccd403f",
            "route_table_id": "rtb-092d99d4e42b5995b",
            "subnet_id": "subnet-0c6f932e390011761"
          },
          "sensitive_attributes": [],
          "private": "bnVsbA==",
          "dependencies": [
            "module.network.aws_internet_gateway.gw",
            "module.network.aws_route_table.igw_route_table",
            "module.network.aws_subnet.public",
            "module.network.aws_vpc.main"
          ]
        },
        {
          "index_key": "us-east-1b",
          "schema_version": 0,
          "attributes": {
            "gateway_id": "",
            "id": "rtbassoc-0b623b6cae9f18205",
            "route_table_id": "rtb-070b7389af85de8d3",
            "subnet_id": "subnet-0d7954352c3b6c6e5"
          },
          "sensitive_attributes": [],
          "private": "bnVsbA==",
          "dependencies": [
            "module.network.aws_internet_gateway.gw",
            "module.network.aws_route_table.igw_route_table",
            "module.network.aws_subnet.public",
            "module.network.aws_vpc.main"
          ]
        }
      ]
    },
    {
      "module": "module.network",
      "mode": "managed",
      "type": "aws_subnet",
      "name": "private",
      "provider": "provider[\"registry.terraform.io/hashicorp/aws\"]",
      "instances": [
        {
          "index_key": "us-east-1a",
          "schema_version": 1,
          "attributes": {
            "arn": "arn:aws:ec2:us-east-1:770831555164:subnet/subnet-069371a4e20369ded",
            "assign_ipv6_address_on_creation": false,
            "availability_zone": "us-east-1a",
            "availability_zone_id": "use1-az2",
            "cidr_block": "10.0.32.0/20",
            "customer_owned_ipv4_pool": "",
            "enable_dns64": false,
            "enable_resource_name_dns_a_record_on_launch": false,
            "enable_resource_name_dns_aaaa_record_on_launch": false,
            "id": "subnet-069371a4e20369ded",
            "ipv6_cidr_block": "",
            "ipv6_cidr_block_association_id": "",
            "ipv6_native": false,
            "map_customer_owned_ip_on_launch": false,
            "map_public_ip_on_launch": false,
            "outpost_arn": "",
            "owner_id": "770831555164",
            "private_dns_hostname_type_on_launch": "ip-name",
            "tags": {
              "Description": "Managed by Terraform",
              "Environment": "dev",
              "Name": "novinho-labs-dev-priv-subnet",
              "kubernetes.io/cluster/novinho-labs-dev-eks-novinho": "shared"
            },
            "tags_all": {
              "Description": "Managed by Terraform",
              "Environment": "dev",
              "Name": "novinho-labs-dev-priv-subnet",
              "kubernetes.io/cluster/novinho-labs-dev-eks-novinho": "shared"
            },
            "timeouts": null,
            "vpc_id": "vpc-0b42cb812296b0cfa"
          },
          "sensitive_attributes": [],
          "private": "eyJlMmJmYjczMC1lY2FhLTExZTYtOGY4OC0zNDM2M2JjN2M0YzAiOnsiY3JlYXRlIjo2MDAwMDAwMDAwMDAsImRlbGV0ZSI6MTIwMDAwMDAwMDAwMH0sInNjaGVtYV92ZXJzaW9uIjoiMSJ9",
          "dependencies": [
            "module.network.aws_vpc.main"
          ]
        },
        {
          "index_key": "us-east-1b",
          "schema_version": 1,
          "attributes": {
            "arn": "arn:aws:ec2:us-east-1:770831555164:subnet/subnet-07324f391d60efe37",
            "assign_ipv6_address_on_creation": false,
            "availability_zone": "us-east-1b",
            "availability_zone_id": "use1-az4",
            "cidr_block": "10.0.48.0/20",
            "customer_owned_ipv4_pool": "",
            "enable_dns64": false,
            "enable_resource_name_dns_a_record_on_launch": false,
            "enable_resource_name_dns_aaaa_record_on_launch": false,
            "id": "subnet-07324f391d60efe37",
            "ipv6_cidr_block": "",
            "ipv6_cidr_block_association_id": "",
            "ipv6_native": false,
            "map_customer_owned_ip_on_launch": false,
            "map_public_ip_on_launch": false,
            "outpost_arn": "",
            "owner_id": "770831555164",
            "private_dns_hostname_type_on_launch": "ip-name",
            "tags": {
              "Description": "Managed by Terraform",
              "Environment": "dev",
              "Name": "novinho-labs-dev-priv-subnet",
              "kubernetes.io/cluster/novinho-labs-dev-eks-novinho": "shared"
            },
            "tags_all": {
              "Description": "Managed by Terraform",
              "Environment": "dev",
              "Name": "novinho-labs-dev-priv-subnet",
              "kubernetes.io/cluster/novinho-labs-dev-eks-novinho": "shared"
            },
            "timeouts": null,
            "vpc_id": "vpc-0b42cb812296b0cfa"
          },
          "sensitive_attributes": [],
          "private": "eyJlMmJmYjczMC1lY2FhLTExZTYtOGY4OC0zNDM2M2JjN2M0YzAiOnsiY3JlYXRlIjo2MDAwMDAwMDAwMDAsImRlbGV0ZSI6MTIwMDAwMDAwMDAwMH0sInNjaGVtYV92ZXJzaW9uIjoiMSJ9",
          "dependencies": [
            "module.network.aws_vpc.main"
          ]
        }
      ]
    },
    {
      "module": "module.network",
      "mode": "managed",
      "type": "aws_subnet",
      "name": "public",
      "provider": "provider[\"registry.terraform.io/hashicorp/aws\"]",
      "instances": [
        {
          "index_key": "us-east-1a",
          "schema_version": 1,
          "attributes": {
            "arn": "arn:aws:ec2:us-east-1:770831555164:subnet/subnet-0c6f932e390011761",
            "assign_ipv6_address_on_creation": false,
            "availability_zone": "us-east-1a",
            "availability_zone_id": "use1-az2",
            "cidr_block": "10.0.0.0/20",
            "customer_owned_ipv4_pool": "",
            "enable_dns64": false,
            "enable_resource_name_dns_a_record_on_launch": false,
            "enable_resource_name_dns_aaaa_record_on_launch": false,
            "id": "subnet-0c6f932e390011761",
            "ipv6_cidr_block": "",
            "ipv6_cidr_block_association_id": "",
            "ipv6_native": false,
            "map_customer_owned_ip_on_launch": false,
            "map_public_ip_on_launch": true,
            "outpost_arn": "",
            "owner_id": "770831555164",
            "private_dns_hostname_type_on_launch": "ip-name",
            "tags": {
              "Description": "Managed by Terraform",
              "Environment": "dev",
              "Name": "novinho-labs-dev-pub-subnet",
              "kubernetes.io/cluster/novinho-labs-dev-eks-novinho": "shared"
            },
            "tags_all": {
              "Description": "Managed by Terraform",
              "Environment": "dev",
              "Name": "novinho-labs-dev-pub-subnet",
              "kubernetes.io/cluster/novinho-labs-dev-eks-novinho": "shared"
            },
            "timeouts": null,
            "vpc_id": "vpc-0b42cb812296b0cfa"
          },
          "sensitive_attributes": [],
          "private": "eyJlMmJmYjczMC1lY2FhLTExZTYtOGY4OC0zNDM2M2JjN2M0YzAiOnsiY3JlYXRlIjo2MDAwMDAwMDAwMDAsImRlbGV0ZSI6MTIwMDAwMDAwMDAwMH0sInNjaGVtYV92ZXJzaW9uIjoiMSJ9",
          "dependencies": [
            "module.network.aws_vpc.main"
          ]
        },
        {
          "index_key": "us-east-1b",
          "schema_version": 1,
          "attributes": {
            "arn": "arn:aws:ec2:us-east-1:770831555164:subnet/subnet-0d7954352c3b6c6e5",
            "assign_ipv6_address_on_creation": false,
            "availability_zone": "us-east-1b",
            "availability_zone_id": "use1-az4",
            "cidr_block": "10.0.16.0/20",
            "customer_owned_ipv4_pool": "",
            "enable_dns64": false,
            "enable_resource_name_dns_a_record_on_launch": false,
            "enable_resource_name_dns_aaaa_record_on_launch": false,
            "id": "subnet-0d7954352c3b6c6e5",
            "ipv6_cidr_block": "",
            "ipv6_cidr_block_association_id": "",
            "ipv6_native": false,
            "map_customer_owned_ip_on_launch": false,
            "map_public_ip_on_launch": true,
            "outpost_arn": "",
            "owner_id": "770831555164",
            "private_dns_hostname_type_on_launch": "ip-name",
            "tags": {
              "Description": "Managed by Terraform",
              "Environment": "dev",
              "Name": "novinho-labs-dev-pub-subnet",
              "kubernetes.io/cluster/novinho-labs-dev-eks-novinho": "shared"
            },
            "tags_all": {
              "Description": "Managed by Terraform",
              "Environment": "dev",
              "Name": "novinho-labs-dev-pub-subnet",
              "kubernetes.io/cluster/novinho-labs-dev-eks-novinho": "shared"
            },
            "timeouts": null,
            "vpc_id": "vpc-0b42cb812296b0cfa"
          },
          "sensitive_attributes": [],
          "private": "eyJlMmJmYjczMC1lY2FhLTExZTYtOGY4OC0zNDM2M2JjN2M0YzAiOnsiY3JlYXRlIjo2MDAwMDAwMDAwMDAsImRlbGV0ZSI6MTIwMDAwMDAwMDAwMH0sInNjaGVtYV92ZXJzaW9uIjoiMSJ9",
          "dependencies": [
            "module.network.aws_vpc.main"
          ]
        }
      ]
    },
    {
      "module": "module.network",
      "mode": "managed",
      "type": "aws_vpc",
      "name": "main",
      "provider": "provider[\"registry.terraform.io/hashicorp/aws\"]",
      "instances": [
        {
          "schema_version": 1,
          "attributes": {
            "arn": "arn:aws:ec2:us-east-1:770831555164:vpc/vpc-0b42cb812296b0cfa",
            "assign_generated_ipv6_cidr_block": false,
            "cidr_block": "10.0.0.0/16",
            "default_network_acl_id": "acl-088aad095bcffd819",
            "default_route_table_id": "rtb-0f5ce4d2afbee9032",
            "default_security_group_id": "sg-020c803315602dd0c",
            "dhcp_options_id": "dopt-b08d5ec9",
            "enable_classiclink": false,
            "enable_classiclink_dns_support": false,
            "enable_dns_hostnames": true,
            "enable_dns_support": true,
            "id": "vpc-0b42cb812296b0cfa",
            "instance_tenancy": "default",
            "ipv4_ipam_pool_id": null,
            "ipv4_netmask_length": null,
            "ipv6_association_id": "",
            "ipv6_cidr_block": "",
            "ipv6_cidr_block_network_border_group": "",
            "ipv6_ipam_pool_id": "",
            "ipv6_netmask_length": 0,
            "main_route_table_id": "rtb-0f5ce4d2afbee9032",
            "owner_id": "770831555164",
            "tags": {
              "Description": "Managed by Terraform",
              "Environment": "dev",
              "Name": "novinho-labs-dev-vpc"
            },
            "tags_all": {
              "Description": "Managed by Terraform",
              "Environment": "dev",
              "Name": "novinho-labs-dev-vpc"
            }
          },
          "sensitive_attributes": [],
          "private": "eyJzY2hlbWFfdmVyc2lvbiI6IjEifQ=="
        }
      ]
    },
    {
      "module": "module.nodes",
      "mode": "data",
      "type": "aws_iam_policy_document",
      "name": "eks_nodes_role",
      "provider": "provider[\"registry.terraform.io/hashicorp/aws\"]",
      "instances": [
        {
          "schema_version": 0,
          "attributes": {
            "id": "1903849331",
            "json": "{\n  \"Version\": \"2012-10-17\",\n  \"Statement\": [\n    {\n      \"Sid\": \"\",\n      \"Effect\": \"Allow\",\n      \"Action\": \"sts:AssumeRole\",\n      \"Principal\": {\n        \"Service\": \"ec2.amazonaws.com\"\n      }\n    }\n  ]\n}",
            "override_json": null,
            "override_policy_documents": null,
            "policy_id": null,
            "source_json": null,
            "source_policy_documents": null,
            "statement": [
              {
                "actions": [
                  "sts:AssumeRole"
                ],
                "condition": [],
                "effect": "Allow",
                "not_actions": [],
                "not_principals": [],
                "not_resources": [],
                "principals": [
                  {
                    "identifiers": [
                      "ec2.amazonaws.com"
                    ],
                    "type": "Service"
                  }
                ],
                "resources": [],
                "sid": ""
              }
            ],
            "version": "2012-10-17"
          },
          "sensitive_attributes": []
        }
      ]
    },
    {
      "module": "module.nodes",
      "mode": "managed",
      "type": "aws_autoscaling_policy",
      "name": "cpu_down",
      "provider": "provider[\"registry.terraform.io/hashicorp/aws\"]",
      "instances": [
        {
          "schema_version": 0,
          "attributes": {
            "adjustment_type": "ChangeInCapacity",
            "arn": "arn:aws:autoscaling:us-east-1:770831555164:scalingPolicy:a57645d6-c155-4da9-9ef5-e443158d82dc:autoScalingGroupName/eks-novinho-labs-dev-node-group-58c1421e-b2eb-f8da-af77-2d4d492dce5b:policyName/novinho-labs-dev-eks-novinho-nodes-cpu-scale-down",
            "autoscaling_group_name": "eks-novinho-labs-dev-node-group-58c1421e-b2eb-f8da-af77-2d4d492dce5b",
            "cooldown": 300,
            "estimated_instance_warmup": 0,
            "id": "novinho-labs-dev-eks-novinho-nodes-cpu-scale-down",
            "metric_aggregation_type": "",
            "min_adjustment_magnitude": null,
            "name": "novinho-labs-dev-eks-novinho-nodes-cpu-scale-down",
            "policy_type": "SimpleScaling",
            "predictive_scaling_configuration": [],
            "scaling_adjustment": -1,
            "step_adjustment": [],
            "target_tracking_configuration": []
          },
          "sensitive_attributes": [],
          "private": "bnVsbA==",
          "dependencies": [
            "module.master.aws_eks_cluster.eks_cluster",
            "module.master.aws_iam_role.eks_cluster_role",
            "module.master.aws_iam_role_policy_attachment.eks-cluster-cluster",
            "module.master.aws_iam_role_policy_attachment.eks-cluster-service",
            "module.master.aws_security_group.cluster_master_sg",
            "module.master.aws_security_group_rule.ingress_rules",
            "module.master.aws_security_group_rule.ingress_with_source_security_group_id",
            "module.master.data.aws_iam_policy_document.eks_cluster_role",
            "module.network.aws_eip.vpc_eip",
            "module.network.aws_internet_gateway.gw",
            "module.network.aws_nat_gateway.nat",
            "module.network.aws_route.nat_access",
            "module.network.aws_route.public_internet_access",
            "module.network.aws_route_table.igw_route_table",
            "module.network.aws_route_table.nat",
            "module.network.aws_route_table_association.private",
            "module.network.aws_route_table_association.public",
            "module.network.aws_subnet.private",
            "module.network.aws_subnet.public",
            "module.network.aws_vpc.main",
            "module.nodes.aws_eks_node_group.cluster",
            "module.nodes.aws_iam_role.eks_nodes_roles",
            "module.nodes.aws_iam_role_policy_attachment.cni",
            "module.nodes.aws_iam_role_policy_attachment.ecr",
            "module.nodes.aws_iam_role_policy_attachment.node",
            "module.nodes.data.aws_iam_policy_document.eks_nodes_role"
          ]
        }
      ]
    },
    {
      "module": "module.nodes",
      "mode": "managed",
      "type": "aws_autoscaling_policy",
      "name": "cpu_up",
      "provider": "provider[\"registry.terraform.io/hashicorp/aws\"]",
      "instances": [
        {
          "schema_version": 0,
          "attributes": {
            "adjustment_type": "ChangeInCapacity",
            "arn": "arn:aws:autoscaling:us-east-1:770831555164:scalingPolicy:03bdd18a-38e8-412f-8e3a-ecb84b3206da:autoScalingGroupName/eks-novinho-labs-dev-node-group-58c1421e-b2eb-f8da-af77-2d4d492dce5b:policyName/novinho-labs-dev-eks-novinho-nodes-cpu-scale-up",
            "autoscaling_group_name": "eks-novinho-labs-dev-node-group-58c1421e-b2eb-f8da-af77-2d4d492dce5b",
            "cooldown": 300,
            "estimated_instance_warmup": 0,
            "id": "novinho-labs-dev-eks-novinho-nodes-cpu-scale-up",
            "metric_aggregation_type": "",
            "min_adjustment_magnitude": null,
            "name": "novinho-labs-dev-eks-novinho-nodes-cpu-scale-up",
            "policy_type": "SimpleScaling",
            "predictive_scaling_configuration": [],
            "scaling_adjustment": 2,
            "step_adjustment": [],
            "target_tracking_configuration": []
          },
          "sensitive_attributes": [],
          "private": "bnVsbA==",
          "dependencies": [
            "module.master.aws_eks_cluster.eks_cluster",
            "module.master.aws_iam_role.eks_cluster_role",
            "module.master.aws_iam_role_policy_attachment.eks-cluster-cluster",
            "module.master.aws_iam_role_policy_attachment.eks-cluster-service",
            "module.master.aws_security_group.cluster_master_sg",
            "module.master.aws_security_group_rule.ingress_rules",
            "module.master.aws_security_group_rule.ingress_with_source_security_group_id",
            "module.master.data.aws_iam_policy_document.eks_cluster_role",
            "module.network.aws_eip.vpc_eip",
            "module.network.aws_internet_gateway.gw",
            "module.network.aws_nat_gateway.nat",
            "module.network.aws_route.nat_access",
            "module.network.aws_route.public_internet_access",
            "module.network.aws_route_table.igw_route_table",
            "module.network.aws_route_table.nat",
            "module.network.aws_route_table_association.private",
            "module.network.aws_route_table_association.public",
            "module.network.aws_subnet.private",
            "module.network.aws_subnet.public",
            "module.network.aws_vpc.main",
            "module.nodes.aws_eks_node_group.cluster",
            "module.nodes.aws_iam_role.eks_nodes_roles",
            "module.nodes.aws_iam_role_policy_attachment.cni",
            "module.nodes.aws_iam_role_policy_attachment.ecr",
            "module.nodes.aws_iam_role_policy_attachment.node",
            "module.nodes.data.aws_iam_policy_document.eks_nodes_role"
          ]
        }
      ]
    },
    {
      "module": "module.nodes",
      "mode": "managed",
      "type": "aws_cloudwatch_metric_alarm",
      "name": "cpu_down",
      "provider": "provider[\"registry.terraform.io/hashicorp/aws\"]",
      "instances": [
        {
          "schema_version": 1,
          "attributes": {
            "actions_enabled": true,
            "alarm_actions": [
              "arn:aws:autoscaling:us-east-1:770831555164:scalingPolicy:a57645d6-c155-4da9-9ef5-e443158d82dc:autoScalingGroupName/eks-novinho-labs-dev-node-group-58c1421e-b2eb-f8da-af77-2d4d492dce5b:policyName/novinho-labs-dev-eks-novinho-nodes-cpu-scale-down"
            ],
            "alarm_description": "",
            "alarm_name": "novinho-labs-dev-eks-novinho-nodes-cpu-low",
            "arn": "arn:aws:cloudwatch:us-east-1:770831555164:alarm:novinho-labs-dev-eks-novinho-nodes-cpu-low",
            "comparison_operator": "LessThanOrEqualToThreshold",
            "datapoints_to_alarm": 0,
            "dimensions": {
              "AutoScalingGroupName": "eks-novinho-labs-dev-node-group-58c1421e-b2eb-f8da-af77-2d4d492dce5b"
            },
            "evaluate_low_sample_count_percentiles": "",
            "evaluation_periods": 2,
            "extended_statistic": "",
            "id": "novinho-labs-dev-eks-novinho-nodes-cpu-low",
            "insufficient_data_actions": [],
            "metric_name": "CPUUtilization",
            "metric_query": [],
            "namespace": "AWS/EC2",
            "ok_actions": [],
            "period": 120,
            "statistic": "Average",
            "tags": {},
            "tags_all": {},
            "threshold": 40,
            "threshold_metric_id": "",
            "treat_missing_data": "missing",
            "unit": ""
          },
          "sensitive_attributes": [],
          "private": "eyJzY2hlbWFfdmVyc2lvbiI6IjEifQ==",
          "dependencies": [
            "module.master.aws_eks_cluster.eks_cluster",
            "module.master.aws_iam_role.eks_cluster_role",
            "module.master.aws_iam_role_policy_attachment.eks-cluster-cluster",
            "module.master.aws_iam_role_policy_attachment.eks-cluster-service",
            "module.master.aws_security_group.cluster_master_sg",
            "module.master.aws_security_group_rule.ingress_rules",
            "module.master.aws_security_group_rule.ingress_with_source_security_group_id",
            "module.master.data.aws_iam_policy_document.eks_cluster_role",
            "module.network.aws_eip.vpc_eip",
            "module.network.aws_internet_gateway.gw",
            "module.network.aws_nat_gateway.nat",
            "module.network.aws_route.nat_access",
            "module.network.aws_route.public_internet_access",
            "module.network.aws_route_table.igw_route_table",
            "module.network.aws_route_table.nat",
            "module.network.aws_route_table_association.private",
            "module.network.aws_route_table_association.public",
            "module.network.aws_subnet.private",
            "module.network.aws_subnet.public",
            "module.network.aws_vpc.main",
            "module.nodes.aws_autoscaling_policy.cpu_down",
            "module.nodes.aws_eks_node_group.cluster",
            "module.nodes.aws_iam_role.eks_nodes_roles",
            "module.nodes.aws_iam_role_policy_attachment.cni",
            "module.nodes.aws_iam_role_policy_attachment.ecr",
            "module.nodes.aws_iam_role_policy_attachment.node",
            "module.nodes.data.aws_iam_policy_document.eks_nodes_role"
          ]
        }
      ]
    },
    {
      "module": "module.nodes",
      "mode": "managed",
      "type": "aws_cloudwatch_metric_alarm",
      "name": "cpu_up",
      "provider": "provider[\"registry.terraform.io/hashicorp/aws\"]",
      "instances": [
        {
          "schema_version": 1,
          "attributes": {
            "actions_enabled": true,
            "alarm_actions": [
              "arn:aws:autoscaling:us-east-1:770831555164:scalingPolicy:03bdd18a-38e8-412f-8e3a-ecb84b3206da:autoScalingGroupName/eks-novinho-labs-dev-node-group-58c1421e-b2eb-f8da-af77-2d4d492dce5b:policyName/novinho-labs-dev-eks-novinho-nodes-cpu-scale-up"
            ],
            "alarm_description": "",
            "alarm_name": "novinho-labs-dev-eks-novinho-nodes-cpu-high",
            "arn": "arn:aws:cloudwatch:us-east-1:770831555164:alarm:novinho-labs-dev-eks-novinho-nodes-cpu-high",
            "comparison_operator": "GreaterThanOrEqualToThreshold",
            "datapoints_to_alarm": 0,
            "dimensions": {
              "AutoScalingGroupName": "eks-novinho-labs-dev-node-group-58c1421e-b2eb-f8da-af77-2d4d492dce5b"
            },
            "evaluate_low_sample_count_percentiles": "",
            "evaluation_periods": 2,
            "extended_statistic": "",
            "id": "novinho-labs-dev-eks-novinho-nodes-cpu-high",
            "insufficient_data_actions": [],
            "metric_name": "CPUUtilization",
            "metric_query": [],
            "namespace": "AWS/EC2",
            "ok_actions": [],
            "period": 60,
            "statistic": "Average",
            "tags": {},
            "tags_all": {},
            "threshold": 80,
            "threshold_metric_id": "",
            "treat_missing_data": "missing",
            "unit": ""
          },
          "sensitive_attributes": [],
          "private": "eyJzY2hlbWFfdmVyc2lvbiI6IjEifQ==",
          "dependencies": [
            "module.master.aws_eks_cluster.eks_cluster",
            "module.master.aws_iam_role.eks_cluster_role",
            "module.master.aws_iam_role_policy_attachment.eks-cluster-cluster",
            "module.master.aws_iam_role_policy_attachment.eks-cluster-service",
            "module.master.aws_security_group.cluster_master_sg",
            "module.master.aws_security_group_rule.ingress_rules",
            "module.master.aws_security_group_rule.ingress_with_source_security_group_id",
            "module.master.data.aws_iam_policy_document.eks_cluster_role",
            "module.network.aws_eip.vpc_eip",
            "module.network.aws_internet_gateway.gw",
            "module.network.aws_nat_gateway.nat",
            "module.network.aws_route.nat_access",
            "module.network.aws_route.public_internet_access",
            "module.network.aws_route_table.igw_route_table",
            "module.network.aws_route_table.nat",
            "module.network.aws_route_table_association.private",
            "module.network.aws_route_table_association.public",
            "module.network.aws_subnet.private",
            "module.network.aws_subnet.public",
            "module.network.aws_vpc.main",
            "module.nodes.aws_autoscaling_policy.cpu_up",
            "module.nodes.aws_eks_node_group.cluster",
            "module.nodes.aws_iam_role.eks_nodes_roles",
            "module.nodes.aws_iam_role_policy_attachment.cni",
            "module.nodes.aws_iam_role_policy_attachment.ecr",
            "module.nodes.aws_iam_role_policy_attachment.node",
            "module.nodes.data.aws_iam_policy_document.eks_nodes_role"
          ]
        }
      ]
    },
    {
      "module": "module.nodes",
      "mode": "managed",
      "type": "aws_eks_node_group",
      "name": "cluster",
      "provider": "provider[\"registry.terraform.io/hashicorp/aws\"]",
      "instances": [
        {
          "schema_version": 0,
          "attributes": {
            "ami_type": "AL2_x86_64",
            "arn": "arn:aws:eks:us-east-1:770831555164:nodegroup/novinho-labs-dev-eks-novinho/novinho-labs-dev-node-group/58c1421e-b2eb-f8da-af77-2d4d492dce5b",
            "capacity_type": "ON_DEMAND",
            "cluster_name": "novinho-labs-dev-eks-novinho",
            "disk_size": 20,
            "force_update_version": null,
            "id": "novinho-labs-dev-eks-novinho:novinho-labs-dev-node-group",
            "instance_types": [
              "t2.small"
            ],
            "labels": {},
            "launch_template": [],
            "node_group_name": "novinho-labs-dev-node-group",
            "node_group_name_prefix": "",
            "node_role_arn": "arn:aws:iam::770831555164:role/novinho-labs-dev-eks-nodes",
            "release_version": "1.21.12-20220802",
            "remote_access": [],
            "resources": [
              {
                "autoscaling_groups": [
                  {
                    "name": "eks-novinho-labs-dev-node-group-58c1421e-b2eb-f8da-af77-2d4d492dce5b"
                  }
                ],
                "remote_access_security_group_id": ""
              }
            ],
            "scaling_config": [
              {
                "desired_size": 4,
                "max_size": 5,
                "min_size": 4
              }
            ],
            "status": "ACTIVE",
            "subnet_ids": [
              "subnet-069371a4e20369ded",
              "subnet-07324f391d60efe37"
            ],
            "tags": {
              "kubernetes.io/cluster/novinho-labs-dev-eks-novinho": "owned"
            },
            "tags_all": {
              "kubernetes.io/cluster/novinho-labs-dev-eks-novinho": "owned"
            },
            "taint": [],
            "timeouts": null,
            "update_config": [
              {
                "max_unavailable": 1,
                "max_unavailable_percentage": 0
              }
            ],
            "version": "1.21"
          },
          "sensitive_attributes": [],
          "private": "eyJlMmJmYjczMC1lY2FhLTExZTYtOGY4OC0zNDM2M2JjN2M0YzAiOnsiY3JlYXRlIjozNjAwMDAwMDAwMDAwLCJkZWxldGUiOjM2MDAwMDAwMDAwMDAsInVwZGF0ZSI6MzYwMDAwMDAwMDAwMH19",
          "dependencies": [
            "module.master.aws_eks_cluster.eks_cluster",
            "module.master.aws_iam_role.eks_cluster_role",
            "module.master.aws_iam_role_policy_attachment.eks-cluster-cluster",
            "module.master.aws_iam_role_policy_attachment.eks-cluster-service",
            "module.master.aws_security_group.cluster_master_sg",
            "module.master.aws_security_group_rule.ingress_rules",
            "module.master.aws_security_group_rule.ingress_with_source_security_group_id",
            "module.master.data.aws_iam_policy_document.eks_cluster_role",
            "module.network.aws_eip.vpc_eip",
            "module.network.aws_internet_gateway.gw",
            "module.network.aws_nat_gateway.nat",
            "module.network.aws_route.nat_access",
            "module.network.aws_route.public_internet_access",
            "module.network.aws_route_table.igw_route_table",
            "module.network.aws_route_table.nat",
            "module.network.aws_route_table_association.private",
            "module.network.aws_route_table_association.public",
            "module.network.aws_subnet.private",
            "module.network.aws_subnet.public",
            "module.network.aws_vpc.main",
            "module.nodes.aws_iam_role.eks_nodes_roles",
            "module.nodes.aws_iam_role_policy_attachment.cni",
            "module.nodes.aws_iam_role_policy_attachment.ecr",
            "module.nodes.aws_iam_role_policy_attachment.node"
          ]
        }
      ]
    },
    {
      "module": "module.nodes",
      "mode": "managed",
      "type": "aws_iam_role",
      "name": "eks_nodes_roles",
      "provider": "provider[\"registry.terraform.io/hashicorp/aws\"]",
      "instances": [
        {
          "schema_version": 0,
          "attributes": {
            "arn": "arn:aws:iam::770831555164:role/novinho-labs-dev-eks-nodes",
            "assume_role_policy": "{\"Version\":\"2012-10-17\",\"Statement\":[{\"Sid\":\"\",\"Effect\":\"Allow\",\"Principal\":{\"Service\":\"ec2.amazonaws.com\"},\"Action\":\"sts:AssumeRole\"}]}",
            "create_date": "2022-07-16T13:08:52Z",
            "description": "",
            "force_detach_policies": false,
            "id": "novinho-labs-dev-eks-nodes",
            "inline_policy": [
              {
                "name": "",
                "policy": ""
              }
            ],
            "managed_policy_arns": [
              "arn:aws:iam::aws:policy/AmazonEC2ContainerRegistryReadOnly",
              "arn:aws:iam::aws:policy/AmazonEKSWorkerNodePolicy",
              "arn:aws:iam::aws:policy/AmazonEKS_CNI_Policy"
            ],
            "max_session_duration": 3600,
            "name": "novinho-labs-dev-eks-nodes",
            "name_prefix": "",
            "path": "/",
            "permissions_boundary": null,
            "tags": {},
            "tags_all": {},
            "unique_id": "AROA3G6JEDJOFO334SPQH"
          },
          "sensitive_attributes": [],
          "private": "bnVsbA==",
          "dependencies": [
            "module.master.aws_eks_cluster.eks_cluster",
            "module.master.aws_iam_role.eks_cluster_role",
            "module.master.aws_iam_role_policy_attachment.eks-cluster-cluster",
            "module.master.aws_iam_role_policy_attachment.eks-cluster-service",
            "module.master.aws_security_group.cluster_master_sg",
            "module.master.aws_security_group_rule.ingress_rules",
            "module.master.aws_security_group_rule.ingress_with_source_security_group_id",
            "module.master.data.aws_iam_policy_document.eks_cluster_role",
            "module.network.aws_eip.vpc_eip",
            "module.network.aws_internet_gateway.gw",
            "module.network.aws_nat_gateway.nat",
            "module.network.aws_route.nat_access",
            "module.network.aws_route.public_internet_access",
            "module.network.aws_route_table.igw_route_table",
            "module.network.aws_route_table.nat",
            "module.network.aws_route_table_association.private",
            "module.network.aws_route_table_association.public",
            "module.network.aws_subnet.private",
            "module.network.aws_subnet.public",
            "module.network.aws_vpc.main",
            "module.nodes.data.aws_iam_policy_document.eks_nodes_role"
          ]
        }
      ]
    },
    {
      "module": "module.nodes",
      "mode": "managed",
      "type": "aws_iam_role_policy_attachment",
      "name": "cni",
      "provider": "provider[\"registry.terraform.io/hashicorp/aws\"]",
      "instances": [
        {
          "schema_version": 0,
          "attributes": {
            "id": "novinho-labs-dev-eks-nodes-20220716130854139300000003",
            "policy_arn": "arn:aws:iam::aws:policy/AmazonEKS_CNI_Policy",
            "role": "novinho-labs-dev-eks-nodes"
          },
          "sensitive_attributes": [],
          "private": "bnVsbA==",
          "dependencies": [
            "module.master.aws_eks_cluster.eks_cluster",
            "module.master.aws_iam_role.eks_cluster_role",
            "module.master.aws_iam_role_policy_attachment.eks-cluster-cluster",
            "module.master.aws_iam_role_policy_attachment.eks-cluster-service",
            "module.master.aws_security_group.cluster_master_sg",
            "module.master.aws_security_group_rule.ingress_rules",
            "module.master.aws_security_group_rule.ingress_with_source_security_group_id",
            "module.master.data.aws_iam_policy_document.eks_cluster_role",
            "module.network.aws_eip.vpc_eip",
            "module.network.aws_internet_gateway.gw",
            "module.network.aws_nat_gateway.nat",
            "module.network.aws_route.nat_access",
            "module.network.aws_route.public_internet_access",
            "module.network.aws_route_table.igw_route_table",
            "module.network.aws_route_table.nat",
            "module.network.aws_route_table_association.private",
            "module.network.aws_route_table_association.public",
            "module.network.aws_subnet.private",
            "module.network.aws_subnet.public",
            "module.network.aws_vpc.main",
            "module.nodes.aws_iam_role.eks_nodes_roles",
            "module.nodes.data.aws_iam_policy_document.eks_nodes_role"
          ]
        }
      ]
    },
    {
      "module": "module.nodes",
      "mode": "managed",
      "type": "aws_iam_role_policy_attachment",
      "name": "ecr",
      "provider": "provider[\"registry.terraform.io/hashicorp/aws\"]",
      "instances": [
        {
          "schema_version": 0,
          "attributes": {
            "id": "novinho-labs-dev-eks-nodes-20220716130854487200000005",
            "policy_arn": "arn:aws:iam::aws:policy/AmazonEC2ContainerRegistryReadOnly",
            "role": "novinho-labs-dev-eks-nodes"
          },
          "sensitive_attributes": [],
          "private": "bnVsbA==",
          "dependencies": [
            "module.master.aws_eks_cluster.eks_cluster",
            "module.master.aws_iam_role.eks_cluster_role",
            "module.master.aws_iam_role_policy_attachment.eks-cluster-cluster",
            "module.master.aws_iam_role_policy_attachment.eks-cluster-service",
            "module.master.aws_security_group.cluster_master_sg",
            "module.master.aws_security_group_rule.ingress_rules",
            "module.master.aws_security_group_rule.ingress_with_source_security_group_id",
            "module.master.data.aws_iam_policy_document.eks_cluster_role",
            "module.network.aws_eip.vpc_eip",
            "module.network.aws_internet_gateway.gw",
            "module.network.aws_nat_gateway.nat",
            "module.network.aws_route.nat_access",
            "module.network.aws_route.public_internet_access",
            "module.network.aws_route_table.igw_route_table",
            "module.network.aws_route_table.nat",
            "module.network.aws_route_table_association.private",
            "module.network.aws_route_table_association.public",
            "module.network.aws_subnet.private",
            "module.network.aws_subnet.public",
            "module.network.aws_vpc.main",
            "module.nodes.aws_iam_role.eks_nodes_roles",
            "module.nodes.data.aws_iam_policy_document.eks_nodes_role"
          ]
        }
      ]
    },
    {
      "module": "module.nodes",
      "mode": "managed",
      "type": "aws_iam_role_policy_attachment",
      "name": "node",
      "provider": "provider[\"registry.terraform.io/hashicorp/aws\"]",
      "instances": [
        {
          "schema_version": 0,
          "attributes": {
            "id": "novinho-labs-dev-eks-nodes-20220716130854312000000004",
            "policy_arn": "arn:aws:iam::aws:policy/AmazonEKSWorkerNodePolicy",
            "role": "novinho-labs-dev-eks-nodes"
          },
          "sensitive_attributes": [],
          "private": "bnVsbA==",
          "dependencies": [
            "module.master.aws_eks_cluster.eks_cluster",
            "module.master.aws_iam_role.eks_cluster_role",
            "module.master.aws_iam_role_policy_attachment.eks-cluster-cluster",
            "module.master.aws_iam_role_policy_attachment.eks-cluster-service",
            "module.master.aws_security_group.cluster_master_sg",
            "module.master.aws_security_group_rule.ingress_rules",
            "module.master.aws_security_group_rule.ingress_with_source_security_group_id",
            "module.master.data.aws_iam_policy_document.eks_cluster_role",
            "module.network.aws_eip.vpc_eip",
            "module.network.aws_internet_gateway.gw",
            "module.network.aws_nat_gateway.nat",
            "module.network.aws_route.nat_access",
            "module.network.aws_route.public_internet_access",
            "module.network.aws_route_table.igw_route_table",
            "module.network.aws_route_table.nat",
            "module.network.aws_route_table_association.private",
            "module.network.aws_route_table_association.public",
            "module.network.aws_subnet.private",
            "module.network.aws_subnet.public",
            "module.network.aws_vpc.main",
            "module.nodes.aws_iam_role.eks_nodes_roles",
            "module.nodes.data.aws_iam_policy_document.eks_nodes_role"
          ]
        }
      ]
    }
  ]
}
